// !$*UTF8*$!
{
	archiveVersion = 1;
	classes = {
	};
	objectVersion = 56;
	objects = {

/* Begin PBXBuildFile section */
		445B60072DB8715A007AF959 /* MercadoLibreMobileCandidateAppApp.swift in Sources */ = {isa = PBXBuildFile; fileRef = 445B60062DB8715A007AF959 /* MercadoLibreMobileCandidateAppApp.swift */; };
		445B600D2DB8715C007AF959 /* Assets.xcassets in Resources */ = {isa = PBXBuildFile; fileRef = 445B600C2DB8715C007AF959 /* Assets.xcassets */; };
		445B60112DB8715C007AF959 /* Preview Assets.xcassets in Resources */ = {isa = PBXBuildFile; fileRef = 445B60102DB8715C007AF959 /* Preview Assets.xcassets */; };
		445B601B2DB8715C007AF959 /* MercadoLibreMobileCandidateAppTests.swift in Sources */ = {isa = PBXBuildFile; fileRef = 445B601A2DB8715C007AF959 /* MercadoLibreMobileCandidateAppTests.swift */; };
		445B60252DB8715C007AF959 /* MercadoLibreMobileCandidateAppUITests.swift in Sources */ = {isa = PBXBuildFile; fileRef = 445B60242DB8715C007AF959 /* MercadoLibreMobileCandidateAppUITests.swift */; };
		445B60272DB8715C007AF959 /* MercadoLibreMobileCandidateAppUITestsLaunchTests.swift in Sources */ = {isa = PBXBuildFile; fileRef = 445B60262DB8715C007AF959 /* MercadoLibreMobileCandidateAppUITestsLaunchTests.swift */; };
		449928E32DBB25AE00F75256 /* SearchViewModelTest.swift in Sources */ = {isa = PBXBuildFile; fileRef = 449928E22DBB25AE00F75256 /* SearchViewModelTest.swift */; };
		449928E52DBB260200F75256 /* MockSearchProductsUseCaseTest.swift in Sources */ = {isa = PBXBuildFile; fileRef = 449928E42DBB260200F75256 /* MockSearchProductsUseCaseTest.swift */; };
		449928E82DC323B200F75256 /* LocalDataManagerProtocol.swift in Sources */ = {isa = PBXBuildFile; fileRef = 449928E72DC323B200F75256 /* LocalDataManagerProtocol.swift */; };
		449928EA2DC3278B00F75256 /* LocalDataManager.swift in Sources */ = {isa = PBXBuildFile; fileRef = 449928E92DC3278B00F75256 /* LocalDataManager.swift */; };
		449928EC2DC328B800F75256 /* BundleModule.swift in Sources */ = {isa = PBXBuildFile; fileRef = 449928EB2DC328B800F75256 /* BundleModule.swift */; };
		449928F32DC3460500F75256 /* search_products.json in Resources */ = {isa = PBXBuildFile; fileRef = 449928F22DC3460500F75256 /* search_products.json */; };
		449928F52DC3E4AB00F75256 /* SearchProductResultsPagingDTO.swift in Sources */ = {isa = PBXBuildFile; fileRef = 449928F42DC3E4AB00F75256 /* SearchProductResultsPagingDTO.swift */; };
		449928F72DC3E4D100F75256 /* SearchProductResultsProductItemDTO.swift in Sources */ = {isa = PBXBuildFile; fileRef = 449928F62DC3E4D100F75256 /* SearchProductResultsProductItemDTO.swift */; };
		449928F92DC3E4EE00F75256 /* ProductDetailPictureDTO.swift in Sources */ = {isa = PBXBuildFile; fileRef = 449928F82DC3E4EE00F75256 /* ProductDetailPictureDTO.swift */; };
		449928FB2DC3E50400F75256 /* ProductDetailAttributeDTO.swift in Sources */ = {isa = PBXBuildFile; fileRef = 449928FA2DC3E50400F75256 /* ProductDetailAttributeDTO.swift */; };
		449928FD2DC3E59600F75256 /* product_detail.json in Resources */ = {isa = PBXBuildFile; fileRef = 449928FC2DC3E59600F75256 /* product_detail.json */; };
		449928FF2DC3EBFC00F75256 /* ProductDetailPictureDomainModel.swift in Sources */ = {isa = PBXBuildFile; fileRef = 449928FE2DC3EBFC00F75256 /* ProductDetailPictureDomainModel.swift */; };
		449929012DC3EC1300F75256 /* ProductDetailAttributeDomainModel.swift in Sources */ = {isa = PBXBuildFile; fileRef = 449929002DC3EC1300F75256 /* ProductDetailAttributeDomainModel.swift */; };
		449929032DC3EEC300F75256 /* ProductDetailModel.swift in Sources */ = {isa = PBXBuildFile; fileRef = 449929022DC3EEC300F75256 /* ProductDetailModel.swift */; };
		449929052DC3EEE900F75256 /* ProductDetailPictureModel.swift in Sources */ = {isa = PBXBuildFile; fileRef = 449929042DC3EEE900F75256 /* ProductDetailPictureModel.swift */; };
		449929072DC3EEFC00F75256 /* ProductDetailAttributeModel.swift in Sources */ = {isa = PBXBuildFile; fileRef = 449929062DC3EEFC00F75256 /* ProductDetailAttributeModel.swift */; };
		4499290C2DC4114900F75256 /* ProductDetailAttributesHelper.swift in Sources */ = {isa = PBXBuildFile; fileRef = 4499290B2DC4114900F75256 /* ProductDetailAttributesHelper.swift */; };
		4499290E2DC42A3E00F75256 /* localizables.strings in Resources */ = {isa = PBXBuildFile; fileRef = 4499290D2DC42A3E00F75256 /* localizables.strings */; };
		449929102DC42C6F00F75256 /* AppLocalizables.swift in Sources */ = {isa = PBXBuildFile; fileRef = 4499290F2DC42C6F00F75256 /* AppLocalizables.swift */; };
		449929132DC42C9500F75256 /* AppLocalizablesProtocol.swift in Sources */ = {isa = PBXBuildFile; fileRef = 449929122DC42C9500F75256 /* AppLocalizablesProtocol.swift */; };
		449929152DC42DBF00F75256 /* StringExtension.swift in Sources */ = {isa = PBXBuildFile; fileRef = 449929142DC42DBF00F75256 /* StringExtension.swift */; };
		449929172DC445FE00F75256 /* ErrorView.swift in Sources */ = {isa = PBXBuildFile; fileRef = 449929162DC445FE00F75256 /* ErrorView.swift */; };
		449DC6CF2DB89A3700CAA1C2 /* NetworkDataManagerProtocol.swift in Sources */ = {isa = PBXBuildFile; fileRef = 449DC6CE2DB89A3700CAA1C2 /* NetworkDataManagerProtocol.swift */; };
		449DC6D32DB89DC300CAA1C2 /* SearchProductResultsDTO.swift in Sources */ = {isa = PBXBuildFile; fileRef = 449DC6D22DB89DC300CAA1C2 /* SearchProductResultsDTO.swift */; };
		449DC6D52DB8C06800CAA1C2 /* ProductDetailView.swift in Sources */ = {isa = PBXBuildFile; fileRef = 449DC6D42DB8C06800CAA1C2 /* ProductDetailView.swift */; };
		449DC6D72DB8C07F00CAA1C2 /* ResultsView.swift in Sources */ = {isa = PBXBuildFile; fileRef = 449DC6D62DB8C07E00CAA1C2 /* ResultsView.swift */; };
		449DC6D92DB8C09200CAA1C2 /* SearchView.swift in Sources */ = {isa = PBXBuildFile; fileRef = 449DC6D82DB8C09200CAA1C2 /* SearchView.swift */; };
		449DC6DB2DB8C17C00CAA1C2 /* SearchViewModel.swift in Sources */ = {isa = PBXBuildFile; fileRef = 449DC6DA2DB8C17C00CAA1C2 /* SearchViewModel.swift */; };
		449DC6E02DB8C31700CAA1C2 /* SearchViewWireframe.swift in Sources */ = {isa = PBXBuildFile; fileRef = 449DC6DF2DB8C31700CAA1C2 /* SearchViewWireframe.swift */; };
		449DC6E52DB8C41700CAA1C2 /* SearchViewModelProtocol.swift in Sources */ = {isa = PBXBuildFile; fileRef = 449DC6E42DB8C41700CAA1C2 /* SearchViewModelProtocol.swift */; };
		449DC6E82DB8C5B700CAA1C2 /* MobileCandidateAppNavigation.swift in Sources */ = {isa = PBXBuildFile; fileRef = 449DC6E72DB8C5B700CAA1C2 /* MobileCandidateAppNavigation.swift */; };
		449DC6EA2DB8C68300CAA1C2 /* TopBarCustom.swift in Sources */ = {isa = PBXBuildFile; fileRef = 449DC6E92DB8C68300CAA1C2 /* TopBarCustom.swift */; };
		449DC6EC2DB8C93100CAA1C2 /* UIConstants.swift in Sources */ = {isa = PBXBuildFile; fileRef = 449DC6EB2DB8C93100CAA1C2 /* UIConstants.swift */; };
		449DC6EE2DB8CB9D00CAA1C2 /* SearchBarCustom.swift in Sources */ = {isa = PBXBuildFile; fileRef = 449DC6ED2DB8CB9D00CAA1C2 /* SearchBarCustom.swift */; };
		449DC6F02DB8CD2800CAA1C2 /* ListTileCustom.swift in Sources */ = {isa = PBXBuildFile; fileRef = 449DC6EF2DB8CD2800CAA1C2 /* ListTileCustom.swift */; };
		449DC6F52DB8D36600CAA1C2 /* ResultsViewModel.swift in Sources */ = {isa = PBXBuildFile; fileRef = 449DC6F42DB8D36600CAA1C2 /* ResultsViewModel.swift */; };
		449DC6FA2DB8D4D100CAA1C2 /* ContentView.swift in Sources */ = {isa = PBXBuildFile; fileRef = 449DC6F92DB8D4D100CAA1C2 /* ContentView.swift */; };
		449DC6FC2DB8D4D800CAA1C2 /* Item.swift in Sources */ = {isa = PBXBuildFile; fileRef = 449DC6FB2DB8D4D800CAA1C2 /* Item.swift */; };
		449DC6FF2DB9887000CAA1C2 /* ResultViewWireframe.swift in Sources */ = {isa = PBXBuildFile; fileRef = 449DC6FE2DB9887000CAA1C2 /* ResultViewWireframe.swift */; };
		449DC7012DB98B9900CAA1C2 /* ProductDetailDTO.swift in Sources */ = {isa = PBXBuildFile; fileRef = 449DC7002DB98B9900CAA1C2 /* ProductDetailDTO.swift */; };
		449DC7032DB98E0200CAA1C2 /* NetworkDataManager.swift in Sources */ = {isa = PBXBuildFile; fileRef = 449DC7022DB98E0200CAA1C2 /* NetworkDataManager.swift */; };
		449DC7062DB991C500CAA1C2 /* RepositoryProtocol.swift in Sources */ = {isa = PBXBuildFile; fileRef = 449DC7052DB991C500CAA1C2 /* RepositoryProtocol.swift */; };
		449DC7092DB992FA00CAA1C2 /* ProductDetailDomainModel.swift in Sources */ = {isa = PBXBuildFile; fileRef = 449DC7082DB992FA00CAA1C2 /* ProductDetailDomainModel.swift */; };
		449DC70B2DB9933300CAA1C2 /* ProductItemDomainModel.swift in Sources */ = {isa = PBXBuildFile; fileRef = 449DC70A2DB9933300CAA1C2 /* ProductItemDomainModel.swift */; };
		449DC70E2DB9939700CAA1C2 /* RepositoryDataMapper.swift in Sources */ = {isa = PBXBuildFile; fileRef = 449DC70D2DB9939700CAA1C2 /* RepositoryDataMapper.swift */; };
		449DC7102DB9940A00CAA1C2 /* Repository.swift in Sources */ = {isa = PBXBuildFile; fileRef = 449DC70F2DB9940A00CAA1C2 /* Repository.swift */; };
		449DC7132DB99BA200CAA1C2 /* AppError.swift in Sources */ = {isa = PBXBuildFile; fileRef = 449DC7122DB99BA200CAA1C2 /* AppError.swift */; };
		449DC7152DB99BEB00CAA1C2 /* NetworkErrorMapper.swift in Sources */ = {isa = PBXBuildFile; fileRef = 449DC7142DB99BEB00CAA1C2 /* NetworkErrorMapper.swift */; };
		449DC7182DB9A14700CAA1C2 /* ProductItemModel.swift in Sources */ = {isa = PBXBuildFile; fileRef = 449DC7172DB9A14700CAA1C2 /* ProductItemModel.swift */; };
		449DC71C2DB9A36300CAA1C2 /* SearchProductUseCaseProtocol.swift in Sources */ = {isa = PBXBuildFile; fileRef = 449DC71B2DB9A36300CAA1C2 /* SearchProductUseCaseProtocol.swift */; };
		449DC71E2DB9A4B700CAA1C2 /* DomainMapper.swift in Sources */ = {isa = PBXBuildFile; fileRef = 449DC71D2DB9A4B700CAA1C2 /* DomainMapper.swift */; };
		449DC7202DB9AE1100CAA1C2 /* GetProductDetailsUseCaseProtocol.swift in Sources */ = {isa = PBXBuildFile; fileRef = 449DC71F2DB9AE1100CAA1C2 /* GetProductDetailsUseCaseProtocol.swift */; };
		449DC7222DB9EBFD00CAA1C2 /* Icons.swift in Sources */ = {isa = PBXBuildFile; fileRef = 449DC7212DB9EBFD00CAA1C2 /* Icons.swift */; };
		449DC7242DB9ECCF00CAA1C2 /* ProductDetailViewWireframe.swift in Sources */ = {isa = PBXBuildFile; fileRef = 449DC7232DB9ECCF00CAA1C2 /* ProductDetailViewWireframe.swift */; };
		449DC7272DB9ECFF00CAA1C2 /* ProductDetailViewModelProtocol.swift in Sources */ = {isa = PBXBuildFile; fileRef = 449DC7262DB9ECFF00CAA1C2 /* ProductDetailViewModelProtocol.swift */; };
		449DC7292DB9ED1F00CAA1C2 /* ProductDetailViewModel.swift in Sources */ = {isa = PBXBuildFile; fileRef = 449DC7282DB9ED1F00CAA1C2 /* ProductDetailViewModel.swift */; };
		449DC72C2DB9F13500CAA1C2 /* ProductDetailViewDependencies.swift in Sources */ = {isa = PBXBuildFile; fileRef = 449DC72B2DB9F13500CAA1C2 /* ProductDetailViewDependencies.swift */; };
		449DC72E2DBAA05200CAA1C2 /* DoubleExtension.swift in Sources */ = {isa = PBXBuildFile; fileRef = 449DC72D2DBAA05200CAA1C2 /* DoubleExtension.swift */; };
/* End PBXBuildFile section */

/* Begin PBXContainerItemProxy section */
		445B60172DB8715C007AF959 /* PBXContainerItemProxy */ = {
			isa = PBXContainerItemProxy;
			containerPortal = 445B5FFB2DB87159007AF959 /* Project object */;
			proxyType = 1;
			remoteGlobalIDString = 445B60022DB8715A007AF959;
			remoteInfo = MercadoLibreMobileCandidateApp;
		};
		445B60212DB8715C007AF959 /* PBXContainerItemProxy */ = {
			isa = PBXContainerItemProxy;
			containerPortal = 445B5FFB2DB87159007AF959 /* Project object */;
			proxyType = 1;
			remoteGlobalIDString = 445B60022DB8715A007AF959;
			remoteInfo = MercadoLibreMobileCandidateApp;
		};
/* End PBXContainerItemProxy section */

/* Begin PBXFileReference section */
		445B60032DB8715A007AF959 /* MercadoLibreMobileCandidateApp.app */ = {isa = PBXFileReference; explicitFileType = wrapper.application; includeInIndex = 0; path = MercadoLibreMobileCandidateApp.app; sourceTree = BUILT_PRODUCTS_DIR; };
		445B60062DB8715A007AF959 /* MercadoLibreMobileCandidateAppApp.swift */ = {isa = PBXFileReference; lastKnownFileType = sourcecode.swift; path = MercadoLibreMobileCandidateAppApp.swift; sourceTree = "<group>"; };
		445B600C2DB8715C007AF959 /* Assets.xcassets */ = {isa = PBXFileReference; lastKnownFileType = folder.assetcatalog; path = Assets.xcassets; sourceTree = "<group>"; };
		445B600E2DB8715C007AF959 /* MercadoLibreMobileCandidateApp.entitlements */ = {isa = PBXFileReference; lastKnownFileType = text.plist.entitlements; path = MercadoLibreMobileCandidateApp.entitlements; sourceTree = "<group>"; };
		445B60102DB8715C007AF959 /* Preview Assets.xcassets */ = {isa = PBXFileReference; lastKnownFileType = folder.assetcatalog; path = "Preview Assets.xcassets"; sourceTree = "<group>"; };
		445B60162DB8715C007AF959 /* MercadoLibreMobileCandidateAppTests.xctest */ = {isa = PBXFileReference; explicitFileType = wrapper.cfbundle; includeInIndex = 0; path = MercadoLibreMobileCandidateAppTests.xctest; sourceTree = BUILT_PRODUCTS_DIR; };
		445B601A2DB8715C007AF959 /* MercadoLibreMobileCandidateAppTests.swift */ = {isa = PBXFileReference; lastKnownFileType = sourcecode.swift; path = MercadoLibreMobileCandidateAppTests.swift; sourceTree = "<group>"; };
		445B60202DB8715C007AF959 /* MercadoLibreMobileCandidateAppUITests.xctest */ = {isa = PBXFileReference; explicitFileType = wrapper.cfbundle; includeInIndex = 0; path = MercadoLibreMobileCandidateAppUITests.xctest; sourceTree = BUILT_PRODUCTS_DIR; };
		445B60242DB8715C007AF959 /* MercadoLibreMobileCandidateAppUITests.swift */ = {isa = PBXFileReference; lastKnownFileType = sourcecode.swift; path = MercadoLibreMobileCandidateAppUITests.swift; sourceTree = "<group>"; };
		445B60262DB8715C007AF959 /* MercadoLibreMobileCandidateAppUITestsLaunchTests.swift */ = {isa = PBXFileReference; lastKnownFileType = sourcecode.swift; path = MercadoLibreMobileCandidateAppUITestsLaunchTests.swift; sourceTree = "<group>"; };
		449928E22DBB25AE00F75256 /* SearchViewModelTest.swift */ = {isa = PBXFileReference; lastKnownFileType = sourcecode.swift; path = SearchViewModelTest.swift; sourceTree = "<group>"; };
		449928E42DBB260200F75256 /* MockSearchProductsUseCaseTest.swift */ = {isa = PBXFileReference; lastKnownFileType = sourcecode.swift; path = MockSearchProductsUseCaseTest.swift; sourceTree = "<group>"; };
		449928E72DC323B200F75256 /* LocalDataManagerProtocol.swift */ = {isa = PBXFileReference; lastKnownFileType = sourcecode.swift; path = LocalDataManagerProtocol.swift; sourceTree = "<group>"; };
		449928E92DC3278B00F75256 /* LocalDataManager.swift */ = {isa = PBXFileReference; lastKnownFileType = sourcecode.swift; path = LocalDataManager.swift; sourceTree = "<group>"; };
		449928EB2DC328B800F75256 /* BundleModule.swift */ = {isa = PBXFileReference; lastKnownFileType = sourcecode.swift; path = BundleModule.swift; sourceTree = "<group>"; };
		449928F22DC3460500F75256 /* search_products.json */ = {isa = PBXFileReference; fileEncoding = 4; lastKnownFileType = text.json; path = search_products.json; sourceTree = "<group>"; };
		449928F42DC3E4AB00F75256 /* SearchProductResultsPagingDTO.swift */ = {isa = PBXFileReference; lastKnownFileType = sourcecode.swift; path = SearchProductResultsPagingDTO.swift; sourceTree = "<group>"; };
		449928F62DC3E4D100F75256 /* SearchProductResultsProductItemDTO.swift */ = {isa = PBXFileReference; lastKnownFileType = sourcecode.swift; path = SearchProductResultsProductItemDTO.swift; sourceTree = "<group>"; };
		449928F82DC3E4EE00F75256 /* ProductDetailPictureDTO.swift */ = {isa = PBXFileReference; lastKnownFileType = sourcecode.swift; path = ProductDetailPictureDTO.swift; sourceTree = "<group>"; };
		449928FA2DC3E50400F75256 /* ProductDetailAttributeDTO.swift */ = {isa = PBXFileReference; lastKnownFileType = sourcecode.swift; path = ProductDetailAttributeDTO.swift; sourceTree = "<group>"; };
		449928FC2DC3E59600F75256 /* product_detail.json */ = {isa = PBXFileReference; fileEncoding = 4; lastKnownFileType = text.json; path = product_detail.json; sourceTree = "<group>"; };
		449928FE2DC3EBFC00F75256 /* ProductDetailPictureDomainModel.swift */ = {isa = PBXFileReference; lastKnownFileType = sourcecode.swift; path = ProductDetailPictureDomainModel.swift; sourceTree = "<group>"; };
		449929002DC3EC1300F75256 /* ProductDetailAttributeDomainModel.swift */ = {isa = PBXFileReference; lastKnownFileType = sourcecode.swift; path = ProductDetailAttributeDomainModel.swift; sourceTree = "<group>"; };
		449929022DC3EEC300F75256 /* ProductDetailModel.swift */ = {isa = PBXFileReference; lastKnownFileType = sourcecode.swift; path = ProductDetailModel.swift; sourceTree = "<group>"; };
		449929042DC3EEE900F75256 /* ProductDetailPictureModel.swift */ = {isa = PBXFileReference; lastKnownFileType = sourcecode.swift; path = ProductDetailPictureModel.swift; sourceTree = "<group>"; };
		449929062DC3EEFC00F75256 /* ProductDetailAttributeModel.swift */ = {isa = PBXFileReference; lastKnownFileType = sourcecode.swift; path = ProductDetailAttributeModel.swift; sourceTree = "<group>"; };
		4499290B2DC4114900F75256 /* ProductDetailAttributesHelper.swift */ = {isa = PBXFileReference; lastKnownFileType = sourcecode.swift; path = ProductDetailAttributesHelper.swift; sourceTree = "<group>"; };
		4499290D2DC42A3E00F75256 /* localizables.strings */ = {isa = PBXFileReference; lastKnownFileType = text.plist.strings; path = localizables.strings; sourceTree = "<group>"; };
		4499290F2DC42C6F00F75256 /* AppLocalizables.swift */ = {isa = PBXFileReference; lastKnownFileType = sourcecode.swift; path = AppLocalizables.swift; sourceTree = "<group>"; };
		449929122DC42C9500F75256 /* AppLocalizablesProtocol.swift */ = {isa = PBXFileReference; lastKnownFileType = sourcecode.swift; path = AppLocalizablesProtocol.swift; sourceTree = "<group>"; };
		449929142DC42DBF00F75256 /* StringExtension.swift */ = {isa = PBXFileReference; lastKnownFileType = sourcecode.swift; path = StringExtension.swift; sourceTree = "<group>"; };
		449929162DC445FE00F75256 /* ErrorView.swift */ = {isa = PBXFileReference; lastKnownFileType = sourcecode.swift; path = ErrorView.swift; sourceTree = "<group>"; };
		449DC6CE2DB89A3700CAA1C2 /* NetworkDataManagerProtocol.swift */ = {isa = PBXFileReference; lastKnownFileType = sourcecode.swift; path = NetworkDataManagerProtocol.swift; sourceTree = "<group>"; };
		449DC6D22DB89DC300CAA1C2 /* SearchProductResultsDTO.swift */ = {isa = PBXFileReference; lastKnownFileType = sourcecode.swift; name = SearchProductResultsDTO.swift; path = MercadoLibreMobileCandidateApp/Presentation/Screens/SearchScreen/Data/DataManager/API/SearchProductResultsDTO.swift; sourceTree = SOURCE_ROOT; };
		449DC6D42DB8C06800CAA1C2 /* ProductDetailView.swift */ = {isa = PBXFileReference; lastKnownFileType = sourcecode.swift; path = ProductDetailView.swift; sourceTree = "<group>"; };
		449DC6D62DB8C07E00CAA1C2 /* ResultsView.swift */ = {isa = PBXFileReference; lastKnownFileType = sourcecode.swift; path = ResultsView.swift; sourceTree = "<group>"; };
		449DC6D82DB8C09200CAA1C2 /* SearchView.swift */ = {isa = PBXFileReference; lastKnownFileType = sourcecode.swift; path = SearchView.swift; sourceTree = "<group>"; };
		449DC6DA2DB8C17C00CAA1C2 /* SearchViewModel.swift */ = {isa = PBXFileReference; lastKnownFileType = sourcecode.swift; path = SearchViewModel.swift; sourceTree = "<group>"; };
		449DC6DF2DB8C31700CAA1C2 /* SearchViewWireframe.swift */ = {isa = PBXFileReference; lastKnownFileType = sourcecode.swift; path = SearchViewWireframe.swift; sourceTree = "<group>"; };
		449DC6E42DB8C41700CAA1C2 /* SearchViewModelProtocol.swift */ = {isa = PBXFileReference; lastKnownFileType = sourcecode.swift; path = SearchViewModelProtocol.swift; sourceTree = "<group>"; };
		449DC6E72DB8C5B700CAA1C2 /* MobileCandidateAppNavigation.swift */ = {isa = PBXFileReference; lastKnownFileType = sourcecode.swift; path = MobileCandidateAppNavigation.swift; sourceTree = "<group>"; };
		449DC6E92DB8C68300CAA1C2 /* TopBarCustom.swift */ = {isa = PBXFileReference; lastKnownFileType = sourcecode.swift; path = TopBarCustom.swift; sourceTree = "<group>"; };
		449DC6EB2DB8C93100CAA1C2 /* UIConstants.swift */ = {isa = PBXFileReference; lastKnownFileType = sourcecode.swift; path = UIConstants.swift; sourceTree = "<group>"; };
		449DC6ED2DB8CB9D00CAA1C2 /* SearchBarCustom.swift */ = {isa = PBXFileReference; lastKnownFileType = sourcecode.swift; path = SearchBarCustom.swift; sourceTree = "<group>"; };
		449DC6EF2DB8CD2800CAA1C2 /* ListTileCustom.swift */ = {isa = PBXFileReference; lastKnownFileType = sourcecode.swift; path = ListTileCustom.swift; sourceTree = "<group>"; };
		449DC6F42DB8D36600CAA1C2 /* ResultsViewModel.swift */ = {isa = PBXFileReference; lastKnownFileType = sourcecode.swift; path = ResultsViewModel.swift; sourceTree = "<group>"; };
		449DC6F92DB8D4D100CAA1C2 /* ContentView.swift */ = {isa = PBXFileReference; fileEncoding = 4; lastKnownFileType = sourcecode.swift; path = ContentView.swift; sourceTree = "<group>"; };
		449DC6FB2DB8D4D800CAA1C2 /* Item.swift */ = {isa = PBXFileReference; fileEncoding = 4; lastKnownFileType = sourcecode.swift; path = Item.swift; sourceTree = "<group>"; };
		449DC6FE2DB9887000CAA1C2 /* ResultViewWireframe.swift */ = {isa = PBXFileReference; lastKnownFileType = sourcecode.swift; path = ResultViewWireframe.swift; sourceTree = "<group>"; };
		449DC7002DB98B9900CAA1C2 /* ProductDetailDTO.swift */ = {isa = PBXFileReference; lastKnownFileType = sourcecode.swift; name = ProductDetailDTO.swift; path = MercadoLibreMobileCandidateApp/Presentation/Screens/ResultScreen/Wireframe/ProductDetailDTO.swift; sourceTree = SOURCE_ROOT; };
		449DC7022DB98E0200CAA1C2 /* NetworkDataManager.swift */ = {isa = PBXFileReference; lastKnownFileType = sourcecode.swift; name = NetworkDataManager.swift; path = MercadoLibreMobileCandidateApp/Presentation/Screens/SearchScreen/Data/DataManager/API/NetworkDataManager.swift; sourceTree = SOURCE_ROOT; };
		449DC7052DB991C500CAA1C2 /* RepositoryProtocol.swift */ = {isa = PBXFileReference; lastKnownFileType = sourcecode.swift; path = RepositoryProtocol.swift; sourceTree = "<group>"; };
		449DC7082DB992FA00CAA1C2 /* ProductDetailDomainModel.swift */ = {isa = PBXFileReference; lastKnownFileType = sourcecode.swift; path = ProductDetailDomainModel.swift; sourceTree = "<group>"; };
		449DC70A2DB9933300CAA1C2 /* ProductItemDomainModel.swift */ = {isa = PBXFileReference; lastKnownFileType = sourcecode.swift; path = ProductItemDomainModel.swift; sourceTree = "<group>"; };
		449DC70D2DB9939700CAA1C2 /* RepositoryDataMapper.swift */ = {isa = PBXFileReference; lastKnownFileType = sourcecode.swift; path = RepositoryDataMapper.swift; sourceTree = "<group>"; };
		449DC70F2DB9940A00CAA1C2 /* Repository.swift */ = {isa = PBXFileReference; lastKnownFileType = sourcecode.swift; path = Repository.swift; sourceTree = "<group>"; };
		449DC7122DB99BA200CAA1C2 /* AppError.swift */ = {isa = PBXFileReference; lastKnownFileType = sourcecode.swift; path = AppError.swift; sourceTree = "<group>"; };
		449DC7142DB99BEB00CAA1C2 /* NetworkErrorMapper.swift */ = {isa = PBXFileReference; lastKnownFileType = sourcecode.swift; path = NetworkErrorMapper.swift; sourceTree = "<group>"; };
		449DC7172DB9A14700CAA1C2 /* ProductItemModel.swift */ = {isa = PBXFileReference; lastKnownFileType = sourcecode.swift; path = ProductItemModel.swift; sourceTree = "<group>"; };
		449DC71B2DB9A36300CAA1C2 /* SearchProductUseCaseProtocol.swift */ = {isa = PBXFileReference; lastKnownFileType = sourcecode.swift; path = SearchProductUseCaseProtocol.swift; sourceTree = "<group>"; };
		449DC71D2DB9A4B700CAA1C2 /* DomainMapper.swift */ = {isa = PBXFileReference; lastKnownFileType = sourcecode.swift; path = DomainMapper.swift; sourceTree = "<group>"; };
		449DC71F2DB9AE1100CAA1C2 /* GetProductDetailsUseCaseProtocol.swift */ = {isa = PBXFileReference; lastKnownFileType = sourcecode.swift; path = GetProductDetailsUseCaseProtocol.swift; sourceTree = "<group>"; };
		449DC7212DB9EBFD00CAA1C2 /* Icons.swift */ = {isa = PBXFileReference; lastKnownFileType = sourcecode.swift; path = Icons.swift; sourceTree = "<group>"; };
		449DC7232DB9ECCF00CAA1C2 /* ProductDetailViewWireframe.swift */ = {isa = PBXFileReference; lastKnownFileType = sourcecode.swift; path = ProductDetailViewWireframe.swift; sourceTree = "<group>"; };
		449DC7262DB9ECFF00CAA1C2 /* ProductDetailViewModelProtocol.swift */ = {isa = PBXFileReference; lastKnownFileType = sourcecode.swift; path = ProductDetailViewModelProtocol.swift; sourceTree = "<group>"; };
		449DC7282DB9ED1F00CAA1C2 /* ProductDetailViewModel.swift */ = {isa = PBXFileReference; lastKnownFileType = sourcecode.swift; path = ProductDetailViewModel.swift; sourceTree = "<group>"; };
		449DC72B2DB9F13500CAA1C2 /* ProductDetailViewDependencies.swift */ = {isa = PBXFileReference; lastKnownFileType = sourcecode.swift; path = ProductDetailViewDependencies.swift; sourceTree = "<group>"; };
		449DC72D2DBAA05200CAA1C2 /* DoubleExtension.swift */ = {isa = PBXFileReference; lastKnownFileType = sourcecode.swift; path = DoubleExtension.swift; sourceTree = "<group>"; };
		449DC72F2DBAC56D00CAA1C2 /* Info.plist */ = {isa = PBXFileReference; lastKnownFileType = text.plist; path = Info.plist; sourceTree = "<group>"; };
/* End PBXFileReference section */

/* Begin PBXFrameworksBuildPhase section */
		445B60002DB8715A007AF959 /* Frameworks */ = {
			isa = PBXFrameworksBuildPhase;
			buildActionMask = 2147483647;
			files = (
			);
			runOnlyForDeploymentPostprocessing = 0;
		};
		445B60132DB8715C007AF959 /* Frameworks */ = {
			isa = PBXFrameworksBuildPhase;
			buildActionMask = 2147483647;
			files = (
			);
			runOnlyForDeploymentPostprocessing = 0;
		};
		445B601D2DB8715C007AF959 /* Frameworks */ = {
			isa = PBXFrameworksBuildPhase;
			buildActionMask = 2147483647;
			files = (
			);
			runOnlyForDeploymentPostprocessing = 0;
		};
/* End PBXFrameworksBuildPhase section */

/* Begin PBXGroup section */
		445B5FFA2DB87159007AF959 = {
			isa = PBXGroup;
			children = (
				445B60052DB8715A007AF959 /* MercadoLibreMobileCandidateApp */,
				445B60192DB8715C007AF959 /* MercadoLibreMobileCandidateAppTests */,
				445B60232DB8715C007AF959 /* MercadoLibreMobileCandidateAppUITests */,
				445B60042DB8715A007AF959 /* Products */,
			);
			sourceTree = "<group>";
		};
		445B60042DB8715A007AF959 /* Products */ = {
			isa = PBXGroup;
			children = (
				445B60032DB8715A007AF959 /* MercadoLibreMobileCandidateApp.app */,
				445B60162DB8715C007AF959 /* MercadoLibreMobileCandidateAppTests.xctest */,
				445B60202DB8715C007AF959 /* MercadoLibreMobileCandidateAppUITests.xctest */,
			);
			name = Products;
			sourceTree = "<group>";
		};
		445B60052DB8715A007AF959 /* MercadoLibreMobileCandidateApp */ = {
			isa = PBXGroup;
			children = (
				449DC72F2DBAC56D00CAA1C2 /* Info.plist */,
				449DC6DC2DB8C20000CAA1C2 /* Common */,
				449DC6C52DB898E200CAA1C2 /* Data */,
				449DC6C92DB8992C00CAA1C2 /* Domain */,
				449DC6C82DB8992200CAA1C2 /* Presentation */,
				445B60062DB8715A007AF959 /* MercadoLibreMobileCandidateAppApp.swift */,
				449DC6FB2DB8D4D800CAA1C2 /* Item.swift */,
				449DC6F92DB8D4D100CAA1C2 /* ContentView.swift */,
				445B600C2DB8715C007AF959 /* Assets.xcassets */,
				445B600E2DB8715C007AF959 /* MercadoLibreMobileCandidateApp.entitlements */,
				445B600F2DB8715C007AF959 /* Preview Content */,
			);
			path = MercadoLibreMobileCandidateApp;
			sourceTree = "<group>";
		};
		445B600F2DB8715C007AF959 /* Preview Content */ = {
			isa = PBXGroup;
			children = (
				445B60102DB8715C007AF959 /* Preview Assets.xcassets */,
			);
			path = "Preview Content";
			sourceTree = "<group>";
		};
		445B60192DB8715C007AF959 /* MercadoLibreMobileCandidateAppTests */ = {
			isa = PBXGroup;
			children = (
				445B601A2DB8715C007AF959 /* MercadoLibreMobileCandidateAppTests.swift */,
				449928E42DBB260200F75256 /* MockSearchProductsUseCaseTest.swift */,
				449928E22DBB25AE00F75256 /* SearchViewModelTest.swift */,
			);
			path = MercadoLibreMobileCandidateAppTests;
			sourceTree = "<group>";
		};
		445B60232DB8715C007AF959 /* MercadoLibreMobileCandidateAppUITests */ = {
			isa = PBXGroup;
			children = (
				445B60242DB8715C007AF959 /* MercadoLibreMobileCandidateAppUITests.swift */,
				445B60262DB8715C007AF959 /* MercadoLibreMobileCandidateAppUITestsLaunchTests.swift */,
			);
			path = MercadoLibreMobileCandidateAppUITests;
			sourceTree = "<group>";
		};
		449928E62DC3238400F75256 /* Local */ = {
			isa = PBXGroup;
			children = (
				449928E72DC323B200F75256 /* LocalDataManagerProtocol.swift */,
				449928E92DC3278B00F75256 /* LocalDataManager.swift */,
			);
			path = Local;
			sourceTree = "<group>";
		};
		449928EF2DC344CD00F75256 /* Resources */ = {
			isa = PBXGroup;
			children = (
				449928F12DC344E000F75256 /* Localizables */,
				449928F02DC344D900F75256 /* Json */,
			);
			path = Resources;
			sourceTree = "<group>";
		};
		449928F02DC344D900F75256 /* Json */ = {
			isa = PBXGroup;
			children = (
				449928FC2DC3E59600F75256 /* product_detail.json */,
				449928F22DC3460500F75256 /* search_products.json */,
			);
			path = Json;
			sourceTree = "<group>";
		};
		449928F12DC344E000F75256 /* Localizables */ = {
			isa = PBXGroup;
			children = (
				4499290D2DC42A3E00F75256 /* localizables.strings */,
			);
			path = Localizables;
			sourceTree = "<group>";
		};
		4499290A2DC4113700F75256 /* Utils */ = {
			isa = PBXGroup;
			children = (
				4499290B2DC4114900F75256 /* ProductDetailAttributesHelper.swift */,
			);
			path = Utils;
			sourceTree = "<group>";
		};
		449929112DC42C8100F75256 /* Protocols */ = {
			isa = PBXGroup;
			children = (
				449929122DC42C9500F75256 /* AppLocalizablesProtocol.swift */,
			);
			path = Protocols;
			sourceTree = "<group>";
		};
		449DC6C12DB8989600CAA1C2 /* Screens */ = {
			isa = PBXGroup;
			children = (
				449DC6C42DB898C000CAA1C2 /* ProductDetailScreen */,
				449DC6C32DB898B900CAA1C2 /* ResultScreen */,
				449DC6C22DB898B200CAA1C2 /* SearchScreen */,
			);
			path = Screens;
			sourceTree = "<group>";
		};
		449DC6C22DB898B200CAA1C2 /* SearchScreen */ = {
			isa = PBXGroup;
			children = (
				449DC6E32DB8C3FE00CAA1C2 /* Wireframe */,
				449DC6E22DB8C3F600CAA1C2 /* ViewModel */,
				449DC6E12DB8C3EF00CAA1C2 /* Views */,
			);
			path = SearchScreen;
			sourceTree = "<group>";
		};
		449DC6C32DB898B900CAA1C2 /* ResultScreen */ = {
			isa = PBXGroup;
			children = (
				449DC6FD2DB9885000CAA1C2 /* Wireframe */,
				449DC6F32DB8D33500CAA1C2 /* Views */,
				449DC6F22DB8D32900CAA1C2 /* ViewModel */,
			);
			path = ResultScreen;
			sourceTree = "<group>";
		};
		449DC6C42DB898C000CAA1C2 /* ProductDetailScreen */ = {
			isa = PBXGroup;
			children = (
				449DC72A2DB9F12300CAA1C2 /* Dependencies */,
				449DC6F82DB8D3FA00CAA1C2 /* Wireframe */,
				449DC6F72DB8D3F600CAA1C2 /* ViewModel */,
				449DC6F62DB8D3F100CAA1C2 /* Views */,
				449DC6D42DB8C06800CAA1C2 /* ProductDetailView.swift */,
			);
			path = ProductDetailScreen;
			sourceTree = "<group>";
		};
		449DC6C52DB898E200CAA1C2 /* Data */ = {
			isa = PBXGroup;
			children = (
				449DC7112DB99B9200CAA1C2 /* Entities */,
				449DC70C2DB9937F00CAA1C2 /* Mappers */,
				449DC7042DB991B000CAA1C2 /* Repository */,
				449DC6D02DB89D0900CAA1C2 /* DTO */,
				449DC6CB2DB8996F00CAA1C2 /* DataManager */,
			);
			name = Data;
			path = Screens/SearchScreen/Data;
			sourceTree = "<group>";
		};
		449DC6C82DB8992200CAA1C2 /* Presentation */ = {
			isa = PBXGroup;
			children = (
				4499290A2DC4113700F75256 /* Utils */,
				449DC7162DB9A11600CAA1C2 /* Entities */,
				449DC6C12DB8989600CAA1C2 /* Screens */,
			);
			path = Presentation;
			sourceTree = "<group>";
		};
		449DC6C92DB8992C00CAA1C2 /* Domain */ = {
			isa = PBXGroup;
			children = (
				449DC71A2DB9A1B700CAA1C2 /* UseCases */,
				449DC7192DB9A1B100CAA1C2 /* Mappers */,
				449DC7072DB992D800CAA1C2 /* Entities */,
			);
			path = Domain;
			sourceTree = "<group>";
		};
		449DC6CB2DB8996F00CAA1C2 /* DataManager */ = {
			isa = PBXGroup;
			children = (
				449928E62DC3238400F75256 /* Local */,
				449DC6CD2DB89A1600CAA1C2 /* Network */,
			);
			path = DataManager;
			sourceTree = "<group>";
		};
		449DC6CD2DB89A1600CAA1C2 /* Network */ = {
			isa = PBXGroup;
			children = (
				449DC6CE2DB89A3700CAA1C2 /* NetworkDataManagerProtocol.swift */,
				449DC7022DB98E0200CAA1C2 /* NetworkDataManager.swift */,
			);
			path = Network;
			sourceTree = "<group>";
		};
		449DC6D02DB89D0900CAA1C2 /* DTO */ = {
			isa = PBXGroup;
			children = (
				449DC6D12DB89D1D00CAA1C2 /* Response */,
			);
			path = DTO;
			sourceTree = "<group>";
		};
		449DC6D12DB89D1D00CAA1C2 /* Response */ = {
			isa = PBXGroup;
			children = (
				449DC6D22DB89DC300CAA1C2 /* SearchProductResultsDTO.swift */,
				449928F42DC3E4AB00F75256 /* SearchProductResultsPagingDTO.swift */,
				449928F62DC3E4D100F75256 /* SearchProductResultsProductItemDTO.swift */,
				449DC7002DB98B9900CAA1C2 /* ProductDetailDTO.swift */,
				449928F82DC3E4EE00F75256 /* ProductDetailPictureDTO.swift */,
				449928FA2DC3E50400F75256 /* ProductDetailAttributeDTO.swift */,
			);
			path = Response;
			sourceTree = "<group>";
		};
		449DC6DC2DB8C20000CAA1C2 /* Common */ = {
			isa = PBXGroup;
			children = (
				449928EF2DC344CD00F75256 /* Resources */,
				449DC6E62DB8C58800CAA1C2 /* Entities */,
				449DC6DE2DB8C21400CAA1C2 /* UI Components */,
				449DC6DD2DB8C20600CAA1C2 /* Extensions */,
			);
			path = Common;
			sourceTree = "<group>";
		};
		449DC6DD2DB8C20600CAA1C2 /* Extensions */ = {
			isa = PBXGroup;
			children = (
				449DC72D2DBAA05200CAA1C2 /* DoubleExtension.swift */,
				449928EB2DC328B800F75256 /* BundleModule.swift */,
				449929142DC42DBF00F75256 /* StringExtension.swift */,
			);
			path = Extensions;
			sourceTree = "<group>";
		};
		449DC6DE2DB8C21400CAA1C2 /* UI Components */ = {
			isa = PBXGroup;
			children = (
				449DC6EB2DB8C93100CAA1C2 /* UIConstants.swift */,
				449DC7212DB9EBFD00CAA1C2 /* Icons.swift */,
				449DC6E92DB8C68300CAA1C2 /* TopBarCustom.swift */,
				449DC6ED2DB8CB9D00CAA1C2 /* SearchBarCustom.swift */,
				449DC6EF2DB8CD2800CAA1C2 /* ListTileCustom.swift */,
				449929162DC445FE00F75256 /* ErrorView.swift */,
			);
			path = "UI Components";
			sourceTree = "<group>";
		};
		449DC6E12DB8C3EF00CAA1C2 /* Views */ = {
			isa = PBXGroup;
			children = (
				449DC6D82DB8C09200CAA1C2 /* SearchView.swift */,
			);
			path = Views;
			sourceTree = "<group>";
		};
		449DC6E22DB8C3F600CAA1C2 /* ViewModel */ = {
			isa = PBXGroup;
			children = (
				449DC6DA2DB8C17C00CAA1C2 /* SearchViewModel.swift */,
				449DC6E42DB8C41700CAA1C2 /* SearchViewModelProtocol.swift */,
			);
			path = ViewModel;
			sourceTree = "<group>";
		};
		449DC6E32DB8C3FE00CAA1C2 /* Wireframe */ = {
			isa = PBXGroup;
			children = (
				449DC6DF2DB8C31700CAA1C2 /* SearchViewWireframe.swift */,
			);
			path = Wireframe;
			sourceTree = "<group>";
		};
		449DC6E62DB8C58800CAA1C2 /* Entities */ = {
			isa = PBXGroup;
			children = (
				449929112DC42C8100F75256 /* Protocols */,
				449DC6E72DB8C5B700CAA1C2 /* MobileCandidateAppNavigation.swift */,
				4499290F2DC42C6F00F75256 /* AppLocalizables.swift */,
			);
			path = Entities;
			sourceTree = "<group>";
		};
		449DC6F22DB8D32900CAA1C2 /* ViewModel */ = {
			isa = PBXGroup;
			children = (
				449DC6F42DB8D36600CAA1C2 /* ResultsViewModel.swift */,
			);
			path = ViewModel;
			sourceTree = "<group>";
		};
		449DC6F32DB8D33500CAA1C2 /* Views */ = {
			isa = PBXGroup;
			children = (
				449DC6D62DB8C07E00CAA1C2 /* ResultsView.swift */,
			);
			path = Views;
			sourceTree = "<group>";
		};
		449DC6F62DB8D3F100CAA1C2 /* Views */ = {
			isa = PBXGroup;
			children = (
			);
			path = Views;
			sourceTree = "<group>";
		};
		449DC6F72DB8D3F600CAA1C2 /* ViewModel */ = {
			isa = PBXGroup;
			children = (
				449DC7262DB9ECFF00CAA1C2 /* ProductDetailViewModelProtocol.swift */,
				449DC7282DB9ED1F00CAA1C2 /* ProductDetailViewModel.swift */,
			);
			path = ViewModel;
			sourceTree = "<group>";
		};
		449DC6F82DB8D3FA00CAA1C2 /* Wireframe */ = {
			isa = PBXGroup;
			children = (
				449DC7232DB9ECCF00CAA1C2 /* ProductDetailViewWireframe.swift */,
			);
			path = Wireframe;
			sourceTree = "<group>";
		};
		449DC6FD2DB9885000CAA1C2 /* Wireframe */ = {
			isa = PBXGroup;
			children = (
				449DC6FE2DB9887000CAA1C2 /* ResultViewWireframe.swift */,
			);
			path = Wireframe;
			sourceTree = "<group>";
		};
		449DC7042DB991B000CAA1C2 /* Repository */ = {
			isa = PBXGroup;
			children = (
				449DC7052DB991C500CAA1C2 /* RepositoryProtocol.swift */,
				449DC70F2DB9940A00CAA1C2 /* Repository.swift */,
			);
			path = Repository;
			sourceTree = "<group>";
		};
		449DC7072DB992D800CAA1C2 /* Entities */ = {
			isa = PBXGroup;
			children = (
				449DC70A2DB9933300CAA1C2 /* ProductItemDomainModel.swift */,
				449DC7082DB992FA00CAA1C2 /* ProductDetailDomainModel.swift */,
				449928FE2DC3EBFC00F75256 /* ProductDetailPictureDomainModel.swift */,
				449929002DC3EC1300F75256 /* ProductDetailAttributeDomainModel.swift */,
			);
			path = Entities;
			sourceTree = "<group>";
		};
		449DC70C2DB9937F00CAA1C2 /* Mappers */ = {
			isa = PBXGroup;
			children = (
				449DC70D2DB9939700CAA1C2 /* RepositoryDataMapper.swift */,
				449DC7142DB99BEB00CAA1C2 /* NetworkErrorMapper.swift */,
			);
			path = Mappers;
			sourceTree = "<group>";
		};
		449DC7112DB99B9200CAA1C2 /* Entities */ = {
			isa = PBXGroup;
			children = (
				449DC7122DB99BA200CAA1C2 /* AppError.swift */,
			);
			path = Entities;
			sourceTree = "<group>";
		};
		449DC7162DB9A11600CAA1C2 /* Entities */ = {
			isa = PBXGroup;
			children = (
				449DC7172DB9A14700CAA1C2 /* ProductItemModel.swift */,
				449929022DC3EEC300F75256 /* ProductDetailModel.swift */,
				449929042DC3EEE900F75256 /* ProductDetailPictureModel.swift */,
				449929062DC3EEFC00F75256 /* ProductDetailAttributeModel.swift */,
			);
			path = Entities;
			sourceTree = "<group>";
		};
		449DC7192DB9A1B100CAA1C2 /* Mappers */ = {
			isa = PBXGroup;
			children = (
				449DC71D2DB9A4B700CAA1C2 /* DomainMapper.swift */,
			);
			path = Mappers;
			sourceTree = "<group>";
		};
		449DC71A2DB9A1B700CAA1C2 /* UseCases */ = {
			isa = PBXGroup;
			children = (
				449DC71B2DB9A36300CAA1C2 /* SearchProductUseCaseProtocol.swift */,
				449DC71F2DB9AE1100CAA1C2 /* GetProductDetailsUseCaseProtocol.swift */,
			);
			path = UseCases;
			sourceTree = "<group>";
		};
		449DC72A2DB9F12300CAA1C2 /* Dependencies */ = {
			isa = PBXGroup;
			children = (
				449DC72B2DB9F13500CAA1C2 /* ProductDetailViewDependencies.swift */,
			);
			path = Dependencies;
			sourceTree = "<group>";
		};
/* End PBXGroup section */

/* Begin PBXNativeTarget section */
		445B60022DB8715A007AF959 /* MercadoLibreMobileCandidateApp */ = {
			isa = PBXNativeTarget;
			buildConfigurationList = 445B602A2DB8715C007AF959 /* Build configuration list for PBXNativeTarget "MercadoLibreMobileCandidateApp" */;
			buildPhases = (
				445B5FFF2DB8715A007AF959 /* Sources */,
				445B60002DB8715A007AF959 /* Frameworks */,
				445B60012DB8715A007AF959 /* Resources */,
			);
			buildRules = (
			);
			dependencies = (
			);
			name = MercadoLibreMobileCandidateApp;
			productName = MercadoLibreMobileCandidateApp;
			productReference = 445B60032DB8715A007AF959 /* MercadoLibreMobileCandidateApp.app */;
			productType = "com.apple.product-type.application";
		};
		445B60152DB8715C007AF959 /* MercadoLibreMobileCandidateAppTests */ = {
			isa = PBXNativeTarget;
			buildConfigurationList = 445B602D2DB8715C007AF959 /* Build configuration list for PBXNativeTarget "MercadoLibreMobileCandidateAppTests" */;
			buildPhases = (
				445B60122DB8715C007AF959 /* Sources */,
				445B60132DB8715C007AF959 /* Frameworks */,
				445B60142DB8715C007AF959 /* Resources */,
			);
			buildRules = (
			);
			dependencies = (
				445B60182DB8715C007AF959 /* PBXTargetDependency */,
			);
			name = MercadoLibreMobileCandidateAppTests;
			productName = MercadoLibreMobileCandidateAppTests;
			productReference = 445B60162DB8715C007AF959 /* MercadoLibreMobileCandidateAppTests.xctest */;
			productType = "com.apple.product-type.bundle.unit-test";
		};
		445B601F2DB8715C007AF959 /* MercadoLibreMobileCandidateAppUITests */ = {
			isa = PBXNativeTarget;
			buildConfigurationList = 445B60302DB8715C007AF959 /* Build configuration list for PBXNativeTarget "MercadoLibreMobileCandidateAppUITests" */;
			buildPhases = (
				445B601C2DB8715C007AF959 /* Sources */,
				445B601D2DB8715C007AF959 /* Frameworks */,
				445B601E2DB8715C007AF959 /* Resources */,
			);
			buildRules = (
			);
			dependencies = (
				445B60222DB8715C007AF959 /* PBXTargetDependency */,
			);
			name = MercadoLibreMobileCandidateAppUITests;
			productName = MercadoLibreMobileCandidateAppUITests;
			productReference = 445B60202DB8715C007AF959 /* MercadoLibreMobileCandidateAppUITests.xctest */;
			productType = "com.apple.product-type.bundle.ui-testing";
		};
/* End PBXNativeTarget section */

/* Begin PBXProject section */
		445B5FFB2DB87159007AF959 /* Project object */ = {
			isa = PBXProject;
			attributes = {
				BuildIndependentTargetsInParallel = 1;
				LastSwiftUpdateCheck = 1520;
				LastUpgradeCheck = 1520;
				TargetAttributes = {
					445B60022DB8715A007AF959 = {
						CreatedOnToolsVersion = 15.2;
					};
					445B60152DB8715C007AF959 = {
						CreatedOnToolsVersion = 15.2;
						TestTargetID = 445B60022DB8715A007AF959;
					};
					445B601F2DB8715C007AF959 = {
						CreatedOnToolsVersion = 15.2;
						TestTargetID = 445B60022DB8715A007AF959;
					};
				};
			};
			buildConfigurationList = 445B5FFE2DB87159007AF959 /* Build configuration list for PBXProject "MercadoLibreMobileCandidateApp" */;
			compatibilityVersion = "Xcode 14.0";
			developmentRegion = en;
			hasScannedForEncodings = 0;
			knownRegions = (
				en,
				Base,
			);
			mainGroup = 445B5FFA2DB87159007AF959;
			productRefGroup = 445B60042DB8715A007AF959 /* Products */;
			projectDirPath = "";
			projectRoot = "";
			targets = (
				445B60022DB8715A007AF959 /* MercadoLibreMobileCandidateApp */,
				445B60152DB8715C007AF959 /* MercadoLibreMobileCandidateAppTests */,
				445B601F2DB8715C007AF959 /* MercadoLibreMobileCandidateAppUITests */,
			);
		};
/* End PBXProject section */

/* Begin PBXResourcesBuildPhase section */
		445B60012DB8715A007AF959 /* Resources */ = {
			isa = PBXResourcesBuildPhase;
			buildActionMask = 2147483647;
			files = (
				445B60112DB8715C007AF959 /* Preview Assets.xcassets in Resources */,
				449928F32DC3460500F75256 /* search_products.json in Resources */,
				449928FD2DC3E59600F75256 /* product_detail.json in Resources */,
				445B600D2DB8715C007AF959 /* Assets.xcassets in Resources */,
				4499290E2DC42A3E00F75256 /* localizables.strings in Resources */,
			);
			runOnlyForDeploymentPostprocessing = 0;
		};
		445B60142DB8715C007AF959 /* Resources */ = {
			isa = PBXResourcesBuildPhase;
			buildActionMask = 2147483647;
			files = (
			);
			runOnlyForDeploymentPostprocessing = 0;
		};
		445B601E2DB8715C007AF959 /* Resources */ = {
			isa = PBXResourcesBuildPhase;
			buildActionMask = 2147483647;
			files = (
			);
			runOnlyForDeploymentPostprocessing = 0;
		};
/* End PBXResourcesBuildPhase section */

/* Begin PBXSourcesBuildPhase section */
		445B5FFF2DB8715A007AF959 /* Sources */ = {
			isa = PBXSourcesBuildPhase;
			buildActionMask = 2147483647;
			files = (
				449929012DC3EC1300F75256 /* ProductDetailAttributeDomainModel.swift in Sources */,
				449DC6EC2DB8C93100CAA1C2 /* UIConstants.swift in Sources */,
				449DC6CF2DB89A3700CAA1C2 /* NetworkDataManagerProtocol.swift in Sources */,
				449929072DC3EEFC00F75256 /* ProductDetailAttributeModel.swift in Sources */,
				449DC7222DB9EBFD00CAA1C2 /* Icons.swift in Sources */,
				449DC7292DB9ED1F00CAA1C2 /* ProductDetailViewModel.swift in Sources */,
				449DC6FC2DB8D4D800CAA1C2 /* Item.swift in Sources */,
				449928EC2DC328B800F75256 /* BundleModule.swift in Sources */,
				449928EA2DC3278B00F75256 /* LocalDataManager.swift in Sources */,
				449929032DC3EEC300F75256 /* ProductDetailModel.swift in Sources */,
				449929172DC445FE00F75256 /* ErrorView.swift in Sources */,
				449DC6FA2DB8D4D100CAA1C2 /* ContentView.swift in Sources */,
				449DC6EA2DB8C68300CAA1C2 /* TopBarCustom.swift in Sources */,
				449DC7092DB992FA00CAA1C2 /* ProductDetailDomainModel.swift in Sources */,
				449DC6F02DB8CD2800CAA1C2 /* ListTileCustom.swift in Sources */,
				449928F72DC3E4D100F75256 /* SearchProductResultsProductItemDTO.swift in Sources */,
				449DC6E52DB8C41700CAA1C2 /* SearchViewModelProtocol.swift in Sources */,
				449DC70E2DB9939700CAA1C2 /* RepositoryDataMapper.swift in Sources */,
				4499290C2DC4114900F75256 /* ProductDetailAttributesHelper.swift in Sources */,
				449DC7242DB9ECCF00CAA1C2 /* ProductDetailViewWireframe.swift in Sources */,
				449928F92DC3E4EE00F75256 /* ProductDetailPictureDTO.swift in Sources */,
				449DC72C2DB9F13500CAA1C2 /* ProductDetailViewDependencies.swift in Sources */,
				449DC6F52DB8D36600CAA1C2 /* ResultsViewModel.swift in Sources */,
				449928F52DC3E4AB00F75256 /* SearchProductResultsPagingDTO.swift in Sources */,
				449DC7152DB99BEB00CAA1C2 /* NetworkErrorMapper.swift in Sources */,
				445B60072DB8715A007AF959 /* MercadoLibreMobileCandidateAppApp.swift in Sources */,
				449DC7132DB99BA200CAA1C2 /* AppError.swift in Sources */,
				449929102DC42C6F00F75256 /* AppLocalizables.swift in Sources */,
				449DC6EE2DB8CB9D00CAA1C2 /* SearchBarCustom.swift in Sources */,
				449DC7032DB98E0200CAA1C2 /* NetworkDataManager.swift in Sources */,
				449DC7272DB9ECFF00CAA1C2 /* ProductDetailViewModelProtocol.swift in Sources */,
				449DC6FF2DB9887000CAA1C2 /* ResultViewWireframe.swift in Sources */,
				449DC6E02DB8C31700CAA1C2 /* SearchViewWireframe.swift in Sources */,
				449929152DC42DBF00F75256 /* StringExtension.swift in Sources */,
				449DC72E2DBAA05200CAA1C2 /* DoubleExtension.swift in Sources */,
				449928FB2DC3E50400F75256 /* ProductDetailAttributeDTO.swift in Sources */,
				449DC7182DB9A14700CAA1C2 /* ProductItemModel.swift in Sources */,
				449DC6D92DB8C09200CAA1C2 /* SearchView.swift in Sources */,
				449DC6D72DB8C07F00CAA1C2 /* ResultsView.swift in Sources */,
				449DC7012DB98B9900CAA1C2 /* ProductDetailDTO.swift in Sources */,
				449DC6DB2DB8C17C00CAA1C2 /* SearchViewModel.swift in Sources */,
				449DC6D32DB89DC300CAA1C2 /* SearchProductResultsDTO.swift in Sources */,
				449DC6D52DB8C06800CAA1C2 /* ProductDetailView.swift in Sources */,
				449DC71E2DB9A4B700CAA1C2 /* DomainMapper.swift in Sources */,
				449DC6E82DB8C5B700CAA1C2 /* MobileCandidateAppNavigation.swift in Sources */,
				449DC7102DB9940A00CAA1C2 /* Repository.swift in Sources */,
				449DC70B2DB9933300CAA1C2 /* ProductItemDomainModel.swift in Sources */,
				449929132DC42C9500F75256 /* AppLocalizablesProtocol.swift in Sources */,
				449DC7062DB991C500CAA1C2 /* RepositoryProtocol.swift in Sources */,
				449929052DC3EEE900F75256 /* ProductDetailPictureModel.swift in Sources */,
				449928E82DC323B200F75256 /* LocalDataManagerProtocol.swift in Sources */,
				449928FF2DC3EBFC00F75256 /* ProductDetailPictureDomainModel.swift in Sources */,
				449DC7202DB9AE1100CAA1C2 /* GetProductDetailsUseCaseProtocol.swift in Sources */,
				449DC71C2DB9A36300CAA1C2 /* SearchProductUseCaseProtocol.swift in Sources */,
			);
			runOnlyForDeploymentPostprocessing = 0;
		};
		445B60122DB8715C007AF959 /* Sources */ = {
			isa = PBXSourcesBuildPhase;
			buildActionMask = 2147483647;
			files = (
				449928E32DBB25AE00F75256 /* SearchViewModelTest.swift in Sources */,
				449928E52DBB260200F75256 /* MockSearchProductsUseCaseTest.swift in Sources */,
				445B601B2DB8715C007AF959 /* MercadoLibreMobileCandidateAppTests.swift in Sources */,
			);
			runOnlyForDeploymentPostprocessing = 0;
		};
		445B601C2DB8715C007AF959 /* Sources */ = {
			isa = PBXSourcesBuildPhase;
			buildActionMask = 2147483647;
			files = (
				445B60252DB8715C007AF959 /* MercadoLibreMobileCandidateAppUITests.swift in Sources */,
				445B60272DB8715C007AF959 /* MercadoLibreMobileCandidateAppUITestsLaunchTests.swift in Sources */,
			);
			runOnlyForDeploymentPostprocessing = 0;
		};
/* End PBXSourcesBuildPhase section */

/* Begin PBXTargetDependency section */
		445B60182DB8715C007AF959 /* PBXTargetDependency */ = {
			isa = PBXTargetDependency;
			target = 445B60022DB8715A007AF959 /* MercadoLibreMobileCandidateApp */;
			targetProxy = 445B60172DB8715C007AF959 /* PBXContainerItemProxy */;
		};
		445B60222DB8715C007AF959 /* PBXTargetDependency */ = {
			isa = PBXTargetDependency;
			target = 445B60022DB8715A007AF959 /* MercadoLibreMobileCandidateApp */;
			targetProxy = 445B60212DB8715C007AF959 /* PBXContainerItemProxy */;
		};
/* End PBXTargetDependency section */

/* Begin XCBuildConfiguration section */
		445B60282DB8715C007AF959 /* Debug */ = {
			isa = XCBuildConfiguration;
			buildSettings = {
				ALWAYS_SEARCH_USER_PATHS = NO;
				ASSETCATALOG_COMPILER_GENERATE_SWIFT_ASSET_SYMBOL_EXTENSIONS = YES;
				CLANG_ANALYZER_NONNULL = YES;
				CLANG_ANALYZER_NUMBER_OBJECT_CONVERSION = YES_AGGRESSIVE;
				CLANG_CXX_LANGUAGE_STANDARD = "gnu++20";
				CLANG_ENABLE_MODULES = YES;
				CLANG_ENABLE_OBJC_ARC = YES;
				CLANG_ENABLE_OBJC_WEAK = YES;
				CLANG_WARN_BLOCK_CAPTURE_AUTORELEASING = YES;
				CLANG_WARN_BOOL_CONVERSION = YES;
				CLANG_WARN_COMMA = YES;
				CLANG_WARN_CONSTANT_CONVERSION = YES;
				CLANG_WARN_DEPRECATED_OBJC_IMPLEMENTATIONS = YES;
				CLANG_WARN_DIRECT_OBJC_ISA_USAGE = YES_ERROR;
				CLANG_WARN_DOCUMENTATION_COMMENTS = YES;
				CLANG_WARN_EMPTY_BODY = YES;
				CLANG_WARN_ENUM_CONVERSION = YES;
				CLANG_WARN_INFINITE_RECURSION = YES;
				CLANG_WARN_INT_CONVERSION = YES;
				CLANG_WARN_NON_LITERAL_NULL_CONVERSION = YES;
				CLANG_WARN_OBJC_IMPLICIT_RETAIN_SELF = YES;
				CLANG_WARN_OBJC_LITERAL_CONVERSION = YES;
				CLANG_WARN_OBJC_ROOT_CLASS = YES_ERROR;
				CLANG_WARN_QUOTED_INCLUDE_IN_FRAMEWORK_HEADER = YES;
				CLANG_WARN_RANGE_LOOP_ANALYSIS = YES;
				CLANG_WARN_STRICT_PROTOTYPES = YES;
				CLANG_WARN_SUSPICIOUS_MOVE = YES;
				CLANG_WARN_UNGUARDED_AVAILABILITY = YES_AGGRESSIVE;
				CLANG_WARN_UNREACHABLE_CODE = YES;
				CLANG_WARN__DUPLICATE_METHOD_MATCH = YES;
				COPY_PHASE_STRIP = NO;
				DEBUG_INFORMATION_FORMAT = dwarf;
				ENABLE_STRICT_OBJC_MSGSEND = YES;
				ENABLE_TESTABILITY = YES;
				ENABLE_USER_SCRIPT_SANDBOXING = YES;
				GCC_C_LANGUAGE_STANDARD = gnu17;
				GCC_DYNAMIC_NO_PIC = NO;
				GCC_NO_COMMON_BLOCKS = YES;
				GCC_OPTIMIZATION_LEVEL = 0;
				GCC_PREPROCESSOR_DEFINITIONS = (
					"DEBUG=1",
					"$(inherited)",
				);
				GCC_WARN_64_TO_32_BIT_CONVERSION = YES;
				GCC_WARN_ABOUT_RETURN_TYPE = YES_ERROR;
				GCC_WARN_UNDECLARED_SELECTOR = YES;
				GCC_WARN_UNINITIALIZED_AUTOS = YES_AGGRESSIVE;
				GCC_WARN_UNUSED_FUNCTION = YES;
				GCC_WARN_UNUSED_VARIABLE = YES;
				LOCALIZATION_PREFERS_STRING_CATALOGS = YES;
				MTL_ENABLE_DEBUG_INFO = INCLUDE_SOURCE;
				MTL_FAST_MATH = YES;
				ONLY_ACTIVE_ARCH = YES;
				SWIFT_ACTIVE_COMPILATION_CONDITIONS = "DEBUG $(inherited)";
				SWIFT_OPTIMIZATION_LEVEL = "-Onone";
			};
			name = Debug;
		};
		445B60292DB8715C007AF959 /* Release */ = {
			isa = XCBuildConfiguration;
			buildSettings = {
				ALWAYS_SEARCH_USER_PATHS = NO;
				ASSETCATALOG_COMPILER_GENERATE_SWIFT_ASSET_SYMBOL_EXTENSIONS = YES;
				CLANG_ANALYZER_NONNULL = YES;
				CLANG_ANALYZER_NUMBER_OBJECT_CONVERSION = YES_AGGRESSIVE;
				CLANG_CXX_LANGUAGE_STANDARD = "gnu++20";
				CLANG_ENABLE_MODULES = YES;
				CLANG_ENABLE_OBJC_ARC = YES;
				CLANG_ENABLE_OBJC_WEAK = YES;
				CLANG_WARN_BLOCK_CAPTURE_AUTORELEASING = YES;
				CLANG_WARN_BOOL_CONVERSION = YES;
				CLANG_WARN_COMMA = YES;
				CLANG_WARN_CONSTANT_CONVERSION = YES;
				CLANG_WARN_DEPRECATED_OBJC_IMPLEMENTATIONS = YES;
				CLANG_WARN_DIRECT_OBJC_ISA_USAGE = YES_ERROR;
				CLANG_WARN_DOCUMENTATION_COMMENTS = YES;
				CLANG_WARN_EMPTY_BODY = YES;
				CLANG_WARN_ENUM_CONVERSION = YES;
				CLANG_WARN_INFINITE_RECURSION = YES;
				CLANG_WARN_INT_CONVERSION = YES;
				CLANG_WARN_NON_LITERAL_NULL_CONVERSION = YES;
				CLANG_WARN_OBJC_IMPLICIT_RETAIN_SELF = YES;
				CLANG_WARN_OBJC_LITERAL_CONVERSION = YES;
				CLANG_WARN_OBJC_ROOT_CLASS = YES_ERROR;
				CLANG_WARN_QUOTED_INCLUDE_IN_FRAMEWORK_HEADER = YES;
				CLANG_WARN_RANGE_LOOP_ANALYSIS = YES;
				CLANG_WARN_STRICT_PROTOTYPES = YES;
				CLANG_WARN_SUSPICIOUS_MOVE = YES;
				CLANG_WARN_UNGUARDED_AVAILABILITY = YES_AGGRESSIVE;
				CLANG_WARN_UNREACHABLE_CODE = YES;
				CLANG_WARN__DUPLICATE_METHOD_MATCH = YES;
				COPY_PHASE_STRIP = NO;
				DEBUG_INFORMATION_FORMAT = "dwarf-with-dsym";
				ENABLE_NS_ASSERTIONS = NO;
				ENABLE_STRICT_OBJC_MSGSEND = YES;
				ENABLE_USER_SCRIPT_SANDBOXING = YES;
				GCC_C_LANGUAGE_STANDARD = gnu17;
				GCC_NO_COMMON_BLOCKS = YES;
				GCC_WARN_64_TO_32_BIT_CONVERSION = YES;
				GCC_WARN_ABOUT_RETURN_TYPE = YES_ERROR;
				GCC_WARN_UNDECLARED_SELECTOR = YES;
				GCC_WARN_UNINITIALIZED_AUTOS = YES_AGGRESSIVE;
				GCC_WARN_UNUSED_FUNCTION = YES;
				GCC_WARN_UNUSED_VARIABLE = YES;
				LOCALIZATION_PREFERS_STRING_CATALOGS = YES;
				MTL_ENABLE_DEBUG_INFO = NO;
				MTL_FAST_MATH = YES;
				SWIFT_COMPILATION_MODE = wholemodule;
			};
			name = Release;
		};
		445B602B2DB8715C007AF959 /* Debug */ = {
			isa = XCBuildConfiguration;
			buildSettings = {
				ASSETCATALOG_COMPILER_APPICON_NAME = AppIcon;
				ASSETCATALOG_COMPILER_GLOBAL_ACCENT_COLOR_NAME = AccentColor;
				CODE_SIGN_ENTITLEMENTS = MercadoLibreMobileCandidateApp/MercadoLibreMobileCandidateApp.entitlements;
				CODE_SIGN_STYLE = Automatic;
				CURRENT_PROJECT_VERSION = 1;
				DEVELOPMENT_ASSET_PATHS = "\"MercadoLibreMobileCandidateApp/Preview Content\"";
				ENABLE_PREVIEWS = YES;
				GENERATE_INFOPLIST_FILE = YES;
				INFOPLIST_FILE = MercadoLibreMobileCandidateApp/Info.plist;
				"INFOPLIST_KEY_UIApplicationSceneManifest_Generation[sdk=iphoneos*]" = YES;
				"INFOPLIST_KEY_UIApplicationSceneManifest_Generation[sdk=iphonesimulator*]" = YES;
				"INFOPLIST_KEY_UIApplicationSupportsIndirectInputEvents[sdk=iphoneos*]" = YES;
				"INFOPLIST_KEY_UIApplicationSupportsIndirectInputEvents[sdk=iphonesimulator*]" = YES;
				"INFOPLIST_KEY_UILaunchScreen_Generation[sdk=iphoneos*]" = YES;
				"INFOPLIST_KEY_UILaunchScreen_Generation[sdk=iphonesimulator*]" = YES;
				"INFOPLIST_KEY_UIStatusBarStyle[sdk=iphoneos*]" = UIStatusBarStyleDefault;
				"INFOPLIST_KEY_UIStatusBarStyle[sdk=iphonesimulator*]" = UIStatusBarStyleDefault;
				INFOPLIST_KEY_UISupportedInterfaceOrientations_iPad = "UIInterfaceOrientationPortrait UIInterfaceOrientationPortraitUpsideDown UIInterfaceOrientationLandscapeLeft UIInterfaceOrientationLandscapeRight";
				INFOPLIST_KEY_UISupportedInterfaceOrientations_iPhone = "UIInterfaceOrientationPortrait UIInterfaceOrientationLandscapeLeft UIInterfaceOrientationLandscapeRight";
				IPHONEOS_DEPLOYMENT_TARGET = 17.0;
				LD_RUNPATH_SEARCH_PATHS = "@executable_path/Frameworks";
				"LD_RUNPATH_SEARCH_PATHS[sdk=macosx*]" = "@executable_path/../Frameworks";
				MACOSX_DEPLOYMENT_TARGET = 14.0;
				MARKETING_VERSION = 1.0;
				PRODUCT_BUNDLE_IDENTIFIER = com.gustavovillada.MercadoLibreMobileCandidateApp;
				PRODUCT_NAME = "$(TARGET_NAME)";
				SDKROOT = auto;
				SUPPORTED_PLATFORMS = "iphoneos iphonesimulator macosx";
				SWIFT_EMIT_LOC_STRINGS = YES;
				SWIFT_VERSION = 5.0;
				TARGETED_DEVICE_FAMILY = "1,2";
			};
			name = Debug;
		};
		445B602C2DB8715C007AF959 /* Release */ = {
			isa = XCBuildConfiguration;
			buildSettings = {
				ASSETCATALOG_COMPILER_APPICON_NAME = AppIcon;
				ASSETCATALOG_COMPILER_GLOBAL_ACCENT_COLOR_NAME = AccentColor;
				CODE_SIGN_ENTITLEMENTS = MercadoLibreMobileCandidateApp/MercadoLibreMobileCandidateApp.entitlements;
				CODE_SIGN_STYLE = Automatic;
				CURRENT_PROJECT_VERSION = 1;
				DEVELOPMENT_ASSET_PATHS = "\"MercadoLibreMobileCandidateApp/Preview Content\"";
				ENABLE_PREVIEWS = YES;
				GENERATE_INFOPLIST_FILE = YES;
				INFOPLIST_FILE = MercadoLibreMobileCandidateApp/Info.plist;
				"INFOPLIST_KEY_UIApplicationSceneManifest_Generation[sdk=iphoneos*]" = YES;
				"INFOPLIST_KEY_UIApplicationSceneManifest_Generation[sdk=iphonesimulator*]" = YES;
				"INFOPLIST_KEY_UIApplicationSupportsIndirectInputEvents[sdk=iphoneos*]" = YES;
				"INFOPLIST_KEY_UIApplicationSupportsIndirectInputEvents[sdk=iphonesimulator*]" = YES;
				"INFOPLIST_KEY_UILaunchScreen_Generation[sdk=iphoneos*]" = YES;
				"INFOPLIST_KEY_UILaunchScreen_Generation[sdk=iphonesimulator*]" = YES;
				"INFOPLIST_KEY_UIStatusBarStyle[sdk=iphoneos*]" = UIStatusBarStyleDefault;
				"INFOPLIST_KEY_UIStatusBarStyle[sdk=iphonesimulator*]" = UIStatusBarStyleDefault;
				INFOPLIST_KEY_UISupportedInterfaceOrientations_iPad = "UIInterfaceOrientationPortrait UIInterfaceOrientationPortraitUpsideDown UIInterfaceOrientationLandscapeLeft UIInterfaceOrientationLandscapeRight";
				INFOPLIST_KEY_UISupportedInterfaceOrientations_iPhone = "UIInterfaceOrientationPortrait UIInterfaceOrientationLandscapeLeft UIInterfaceOrientationLandscapeRight";
				IPHONEOS_DEPLOYMENT_TARGET = 17.0;
				LD_RUNPATH_SEARCH_PATHS = "@executable_path/Frameworks";
				"LD_RUNPATH_SEARCH_PATHS[sdk=macosx*]" = "@executable_path/../Frameworks";
				MACOSX_DEPLOYMENT_TARGET = 14.0;
				MARKETING_VERSION = 1.0;
				PRODUCT_BUNDLE_IDENTIFIER = com.gustavovillada.MercadoLibreMobileCandidateApp;
				PRODUCT_NAME = "$(TARGET_NAME)";
				SDKROOT = auto;
				SUPPORTED_PLATFORMS = "iphoneos iphonesimulator macosx";
				SWIFT_EMIT_LOC_STRINGS = YES;
				SWIFT_VERSION = 5.0;
				TARGETED_DEVICE_FAMILY = "1,2";
			};
			name = Release;
		};
		445B602E2DB8715C007AF959 /* Debug */ = {
			isa = XCBuildConfiguration;
			buildSettings = {
				ALWAYS_EMBED_SWIFT_STANDARD_LIBRARIES = YES;
				BUNDLE_LOADER = "$(TEST_HOST)";
				CODE_SIGN_STYLE = Automatic;
				CURRENT_PROJECT_VERSION = 1;
				GENERATE_INFOPLIST_FILE = YES;
				IPHONEOS_DEPLOYMENT_TARGET = 17.2;
				MACOSX_DEPLOYMENT_TARGET = 13.5;
				MARKETING_VERSION = 1.0;
				PRODUCT_BUNDLE_IDENTIFIER = com.gustavovillada.MercadoLibreMobileCandidateAppTests;
				PRODUCT_NAME = "$(TARGET_NAME)";
				SDKROOT = auto;
				SUPPORTED_PLATFORMS = "iphoneos iphonesimulator macosx";
				SWIFT_EMIT_LOC_STRINGS = NO;
				SWIFT_VERSION = 5.0;
				TARGETED_DEVICE_FAMILY = "1,2";
				TEST_HOST = "$(BUILT_PRODUCTS_DIR)/MercadoLibreMobileCandidateApp.app/$(BUNDLE_EXECUTABLE_FOLDER_PATH)/MercadoLibreMobileCandidateApp";
			};
			name = Debug;
		};
		445B602F2DB8715C007AF959 /* Release */ = {
			isa = XCBuildConfiguration;
			buildSettings = {
				ALWAYS_EMBED_SWIFT_STANDARD_LIBRARIES = YES;
				BUNDLE_LOADER = "$(TEST_HOST)";
				CODE_SIGN_STYLE = Automatic;
				CURRENT_PROJECT_VERSION = 1;
				GENERATE_INFOPLIST_FILE = YES;
				IPHONEOS_DEPLOYMENT_TARGET = 17.2;
				MACOSX_DEPLOYMENT_TARGET = 13.5;
				MARKETING_VERSION = 1.0;
				PRODUCT_BUNDLE_IDENTIFIER = com.gustavovillada.MercadoLibreMobileCandidateAppTests;
				PRODUCT_NAME = "$(TARGET_NAME)";
				SDKROOT = auto;
				SUPPORTED_PLATFORMS = "iphoneos iphonesimulator macosx";
				SWIFT_EMIT_LOC_STRINGS = NO;
				SWIFT_VERSION = 5.0;
				TARGETED_DEVICE_FAMILY = "1,2";
				TEST_HOST = "$(BUILT_PRODUCTS_DIR)/MercadoLibreMobileCandidateApp.app/$(BUNDLE_EXECUTABLE_FOLDER_PATH)/MercadoLibreMobileCandidateApp";
			};
			name = Release;
		};
		445B60312DB8715C007AF959 /* Debug */ = {
			isa = XCBuildConfiguration;
			buildSettings = {
				ALWAYS_EMBED_SWIFT_STANDARD_LIBRARIES = YES;
				CODE_SIGN_STYLE = Automatic;
				CURRENT_PROJECT_VERSION = 1;
				GENERATE_INFOPLIST_FILE = YES;
				IPHONEOS_DEPLOYMENT_TARGET = 17.2;
				MACOSX_DEPLOYMENT_TARGET = 13.5;
				MARKETING_VERSION = 1.0;
				PRODUCT_BUNDLE_IDENTIFIER = com.gustavovillada.MercadoLibreMobileCandidateAppUITests;
				PRODUCT_NAME = "$(TARGET_NAME)";
				SDKROOT = auto;
				SUPPORTED_PLATFORMS = "iphoneos iphonesimulator macosx";
				SWIFT_EMIT_LOC_STRINGS = NO;
				SWIFT_VERSION = 5.0;
				TARGETED_DEVICE_FAMILY = "1,2";
				TEST_TARGET_NAME = MercadoLibreMobileCandidateApp;
			};
			name = Debug;
		};
		445B60322DB8715C007AF959 /* Release */ = {
			isa = XCBuildConfiguration;
			buildSettings = {
				ALWAYS_EMBED_SWIFT_STANDARD_LIBRARIES = YES;
				CODE_SIGN_STYLE = Automatic;
				CURRENT_PROJECT_VERSION = 1;
				GENERATE_INFOPLIST_FILE = YES;
				IPHONEOS_DEPLOYMENT_TARGET = 17.2;
				MACOSX_DEPLOYMENT_TARGET = 13.5;
				MARKETING_VERSION = 1.0;
				PRODUCT_BUNDLE_IDENTIFIER = com.gustavovillada.MercadoLibreMobileCandidateAppUITests;
				PRODUCT_NAME = "$(TARGET_NAME)";
				SDKROOT = auto;
				SUPPORTED_PLATFORMS = "iphoneos iphonesimulator macosx";
				SWIFT_EMIT_LOC_STRINGS = NO;
				SWIFT_VERSION = 5.0;
				TARGETED_DEVICE_FAMILY = "1,2";
				TEST_TARGET_NAME = MercadoLibreMobileCandidateApp;
			};
			name = Release;
		};
/* End XCBuildConfiguration section */

/* Begin XCConfigurationList section */
		445B5FFE2DB87159007AF959 /* Build configuration list for PBXProject "MercadoLibreMobileCandidateApp" */ = {
			isa = XCConfigurationList;
			buildConfigurations = (
				445B60282DB8715C007AF959 /* Debug */,
				445B60292DB8715C007AF959 /* Release */,
			);
			defaultConfigurationIsVisible = 0;
			defaultConfigurationName = Release;
		};
		445B602A2DB8715C007AF959 /* Build configuration list for PBXNativeTarget "MercadoLibreMobileCandidateApp" */ = {
			isa = XCConfigurationList;
			buildConfigurations = (
				445B602B2DB8715C007AF959 /* Debug */,
				445B602C2DB8715C007AF959 /* Release */,
			);
			defaultConfigurationIsVisible = 0;
			defaultConfigurationName = Release;
		};
		445B602D2DB8715C007AF959 /* Build configuration list for PBXNativeTarget "MercadoLibreMobileCandidateAppTests" */ = {
			isa = XCConfigurationList;
			buildConfigurations = (
				445B602E2DB8715C007AF959 /* Debug */,
				445B602F2DB8715C007AF959 /* Release */,
			);
			defaultConfigurationIsVisible = 0;
			defaultConfigurationName = Release;
		};
		445B60302DB8715C007AF959 /* Build configuration list for PBXNativeTarget "MercadoLibreMobileCandidateAppUITests" */ = {
			isa = XCConfigurationList;
			buildConfigurations = (
				445B60312DB8715C007AF959 /* Debug */,
				445B60322DB8715C007AF959 /* Release */,
			);
			defaultConfigurationIsVisible = 0;
			defaultConfigurationName = Release;
		};
/* End XCConfigurationList section */
	};
	rootObject = 445B5FFB2DB87159007AF959 /* Project object */;
}
