// !$*UTF8*$!
{
	archiveVersion = 1;
	classes = {
	};
	objectVersion = 56;
	objects = {

/* Begin PBXBuildFile section */
		445B60072DB8715A007AF959 /* MercadoLibreMobileCandidateAppApp.swift in Sources */ = {isa = PBXBuildFile; fileRef = 445B60062DB8715A007AF959 /* MercadoLibreMobileCandidateAppApp.swift */; };
		445B60092DB8715A007AF959 /* ContentView.swift in Sources */ = {isa = PBXBuildFile; fileRef = 445B60082DB8715A007AF959 /* ContentView.swift */; };
		445B600B2DB8715A007AF959 /* Item.swift in Sources */ = {isa = PBXBuildFile; fileRef = 445B600A2DB8715A007AF959 /* Item.swift */; };
		445B600D2DB8715C007AF959 /* Assets.xcassets in Resources */ = {isa = PBXBuildFile; fileRef = 445B600C2DB8715C007AF959 /* Assets.xcassets */; };
		445B60112DB8715C007AF959 /* Preview Assets.xcassets in Resources */ = {isa = PBXBuildFile; fileRef = 445B60102DB8715C007AF959 /* Preview Assets.xcassets */; };
		445B601B2DB8715C007AF959 /* MercadoLibreMobileCandidateAppTests.swift in Sources */ = {isa = PBXBuildFile; fileRef = 445B601A2DB8715C007AF959 /* MercadoLibreMobileCandidateAppTests.swift */; };
		445B60252DB8715C007AF959 /* MercadoLibreMobileCandidateAppUITests.swift in Sources */ = {isa = PBXBuildFile; fileRef = 445B60242DB8715C007AF959 /* MercadoLibreMobileCandidateAppUITests.swift */; };
		445B60272DB8715C007AF959 /* MercadoLibreMobileCandidateAppUITestsLaunchTests.swift in Sources */ = {isa = PBXBuildFile; fileRef = 445B60262DB8715C007AF959 /* MercadoLibreMobileCandidateAppUITestsLaunchTests.swift */; };
/* End PBXBuildFile section */

/* Begin PBXContainerItemProxy section */
		445B60172DB8715C007AF959 /* PBXContainerItemProxy */ = {
			isa = PBXContainerItemProxy;
			containerPortal = 445B5FFB2DB87159007AF959 /* Project object */;
			proxyType = 1;
			remoteGlobalIDString = 445B60022DB8715A007AF959;
			remoteInfo = MercadoLibreMobileCandidateApp;
		};
		445B60212DB8715C007AF959 /* PBXContainerItemProxy */ = {
			isa = PBXContainerItemProxy;
			containerPortal = 445B5FFB2DB87159007AF959 /* Project object */;
			proxyType = 1;
			remoteGlobalIDString = 445B60022DB8715A007AF959;
			remoteInfo = MercadoLibreMobileCandidateApp;
		};
/* End PBXContainerItemProxy section */

/* Begin PBXFileReference section */
		445B60032DB8715A007AF959 /* MercadoLibreMobileCandidateApp.app */ = {isa = PBXFileReference; explicitFileType = wrapper.application; includeInIndex = 0; path = MercadoLibreMobileCandidateApp.app; sourceTree = BUILT_PRODUCTS_DIR; };
		445B60062DB8715A007AF959 /* MercadoLibreMobileCandidateAppApp.swift */ = {isa = PBXFileReference; lastKnownFileType = sourcecode.swift; path = MercadoLibreMobileCandidateAppApp.swift; sourceTree = "<group>"; };
		445B60082DB8715A007AF959 /* ContentView.swift */ = {isa = PBXFileReference; lastKnownFileType = sourcecode.swift; path = ContentView.swift; sourceTree = "<group>"; };
		445B600A2DB8715A007AF959 /* Item.swift */ = {isa = PBXFileReference; lastKnownFileType = sourcecode.swift; path = Item.swift; sourceTree = "<group>"; };
		445B600C2DB8715C007AF959 /* Assets.xcassets */ = {isa = PBXFileReference; lastKnownFileType = folder.assetcatalog; path = Assets.xcassets; sourceTree = "<group>"; };
		445B600E2DB8715C007AF959 /* MercadoLibreMobileCandidateApp.entitlements */ = {isa = PBXFileReference; lastKnownFileType = text.plist.entitlements; path = MercadoLibreMobileCandidateApp.entitlements; sourceTree = "<group>"; };
		445B60102DB8715C007AF959 /* Preview Assets.xcassets */ = {isa = PBXFileReference; lastKnownFileType = folder.assetcatalog; path = "Preview Assets.xcassets"; sourceTree = "<group>"; };
		445B60162DB8715C007AF959 /* MercadoLibreMobileCandidateAppTests.xctest */ = {isa = PBXFileReference; explicitFileType = wrapper.cfbundle; includeInIndex = 0; path = MercadoLibreMobileCandidateAppTests.xctest; sourceTree = BUILT_PRODUCTS_DIR; };
		445B601A2DB8715C007AF959 /* MercadoLibreMobileCandidateAppTests.swift */ = {isa = PBXFileReference; lastKnownFileType = sourcecode.swift; path = MercadoLibreMobileCandidateAppTests.swift; sourceTree = "<group>"; };
		445B60202DB8715C007AF959 /* MercadoLibreMobileCandidateAppUITests.xctest */ = {isa = PBXFileReference; explicitFileType = wrapper.cfbundle; includeInIndex = 0; path = MercadoLibreMobileCandidateAppUITests.xctest; sourceTree = BUILT_PRODUCTS_DIR; };
		445B60242DB8715C007AF959 /* MercadoLibreMobileCandidateAppUITests.swift */ = {isa = PBXFileReference; lastKnownFileType = sourcecode.swift; path = MercadoLibreMobileCandidateAppUITests.swift; sourceTree = "<group>"; };
		445B60262DB8715C007AF959 /* MercadoLibreMobileCandidateAppUITestsLaunchTests.swift */ = {isa = PBXFileReference; lastKnownFileType = sourcecode.swift; path = MercadoLibreMobileCandidateAppUITestsLaunchTests.swift; sourceTree = "<group>"; };
/* End PBXFileReference section */

/* Begin PBXFrameworksBuildPhase section */
		445B60002DB8715A007AF959 /* Frameworks */ = {
			isa = PBXFrameworksBuildPhase;
			buildActionMask = 2147483647;
			files = (
			);
			runOnlyForDeploymentPostprocessing = 0;
		};
		445B60132DB8715C007AF959 /* Frameworks */ = {
			isa = PBXFrameworksBuildPhase;
			buildActionMask = 2147483647;
			files = (
			);
			runOnlyForDeploymentPostprocessing = 0;
		};
		445B601D2DB8715C007AF959 /* Frameworks */ = {
			isa = PBXFrameworksBuildPhase;
			buildActionMask = 2147483647;
			files = (
			);
			runOnlyForDeploymentPostprocessing = 0;
		};
/* End PBXFrameworksBuildPhase section */

/* Begin PBXGroup section */
		445B5FFA2DB87159007AF959 = {
			isa = PBXGroup;
			children = (
				445B60052DB8715A007AF959 /* MercadoLibreMobileCandidateApp */,
				445B60192DB8715C007AF959 /* MercadoLibreMobileCandidateAppTests */,
				445B60232DB8715C007AF959 /* MercadoLibreMobileCandidateAppUITests */,
				445B60042DB8715A007AF959 /* Products */,
			);
			sourceTree = "<group>";
		};
		445B60042DB8715A007AF959 /* Products */ = {
			isa = PBXGroup;
			children = (
				445B60032DB8715A007AF959 /* MercadoLibreMobileCandidateApp.app */,
				445B60162DB8715C007AF959 /* MercadoLibreMobileCandidateAppTests.xctest */,
				445B60202DB8715C007AF959 /* MercadoLibreMobileCandidateAppUITests.xctest */,
			);
			name = Products;
			sourceTree = "<group>";
		};
		445B60052DB8715A007AF959 /* MercadoLibreMobileCandidateApp */ = {
			isa = PBXGroup;
			children = (
				445B60062DB8715A007AF959 /* MercadoLibreMobileCandidateAppApp.swift */,
				445B60082DB8715A007AF959 /* ContentView.swift */,
				445B600A2DB8715A007AF959 /* Item.swift */,
				445B600C2DB8715C007AF959 /* Assets.xcassets */,
				445B600E2DB8715C007AF959 /* MercadoLibreMobileCandidateApp.entitlements */,
				445B600F2DB8715C007AF959 /* Preview Content */,
			);
			path = MercadoLibreMobileCandidateApp;
			sourceTree = "<group>";
		};
		445B600F2DB8715C007AF959 /* Preview Content */ = {
			isa = PBXGroup;
			children = (
				445B60102DB8715C007AF959 /* Preview Assets.xcassets */,
			);
			path = "Preview Content";
			sourceTree = "<group>";
		};
		445B60192DB8715C007AF959 /* MercadoLibreMobileCandidateAppTests */ = {
			isa = PBXGroup;
			children = (
				445B601A2DB8715C007AF959 /* MercadoLibreMobileCandidateAppTests.swift */,
			);
			path = MercadoLibreMobileCandidateAppTests;
			sourceTree = "<group>";
		};
		445B60232DB8715C007AF959 /* MercadoLibreMobileCandidateAppUITests */ = {
			isa = PBXGroup;
			children = (
				445B60242DB8715C007AF959 /* MercadoLibreMobileCandidateAppUITests.swift */,
				445B60262DB8715C007AF959 /* MercadoLibreMobileCandidateAppUITestsLaunchTests.swift */,
			);
			path = MercadoLibreMobileCandidateAppUITests;
			sourceTree = "<group>";
		};
/* End PBXGroup section */

/* Begin PBXNativeTarget section */
		445B60022DB8715A007AF959 /* MercadoLibreMobileCandidateApp */ = {
			isa = PBXNativeTarget;
			buildConfigurationList = 445B602A2DB8715C007AF959 /* Build configuration list for PBXNativeTarget "MercadoLibreMobileCandidateApp" */;
			buildPhases = (
				445B5FFF2DB8715A007AF959 /* Sources */,
				445B60002DB8715A007AF959 /* Frameworks */,
				445B60012DB8715A007AF959 /* Resources */,
			);
			buildRules = (
			);
			dependencies = (
			);
			name = MercadoLibreMobileCandidateApp;
			productName = MercadoLibreMobileCandidateApp;
			productReference = 445B60032DB8715A007AF959 /* MercadoLibreMobileCandidateApp.app */;
			productType = "com.apple.product-type.application";
		};
		445B60152DB8715C007AF959 /* MercadoLibreMobileCandidateAppTests */ = {
			isa = PBXNativeTarget;
			buildConfigurationList = 445B602D2DB8715C007AF959 /* Build configuration list for PBXNativeTarget "MercadoLibreMobileCandidateAppTests" */;
			buildPhases = (
				445B60122DB8715C007AF959 /* Sources */,
				445B60132DB8715C007AF959 /* Frameworks */,
				445B60142DB8715C007AF959 /* Resources */,
			);
			buildRules = (
			);
			dependencies = (
				445B60182DB8715C007AF959 /* PBXTargetDependency */,
			);
			name = MercadoLibreMobileCandidateAppTests;
			productName = MercadoLibreMobileCandidateAppTests;
			productReference = 445B60162DB8715C007AF959 /* MercadoLibreMobileCandidateAppTests.xctest */;
			productType = "com.apple.product-type.bundle.unit-test";
		};
		445B601F2DB8715C007AF959 /* MercadoLibreMobileCandidateAppUITests */ = {
			isa = PBXNativeTarget;
			buildConfigurationList = 445B60302DB8715C007AF959 /* Build configuration list for PBXNativeTarget "MercadoLibreMobileCandidateAppUITests" */;
			buildPhases = (
				445B601C2DB8715C007AF959 /* Sources */,
				445B601D2DB8715C007AF959 /* Frameworks */,
				445B601E2DB8715C007AF959 /* Resources */,
			);
			buildRules = (
			);
			dependencies = (
				445B60222DB8715C007AF959 /* PBXTargetDependency */,
			);
			name = MercadoLibreMobileCandidateAppUITests;
			productName = MercadoLibreMobileCandidateAppUITests;
			productReference = 445B60202DB8715C007AF959 /* MercadoLibreMobileCandidateAppUITests.xctest */;
			productType = "com.apple.product-type.bundle.ui-testing";
		};
/* End PBXNativeTarget section */

/* Begin PBXProject section */
		445B5FFB2DB87159007AF959 /* Project object */ = {
			isa = PBXProject;
			attributes = {
				BuildIndependentTargetsInParallel = 1;
				LastSwiftUpdateCheck = 1520;
				LastUpgradeCheck = 1520;
				TargetAttributes = {
					445B60022DB8715A007AF959 = {
						CreatedOnToolsVersion = 15.2;
					};
					445B60152DB8715C007AF959 = {
						CreatedOnToolsVersion = 15.2;
						TestTargetID = 445B60022DB8715A007AF959;
					};
					445B601F2DB8715C007AF959 = {
						CreatedOnToolsVersion = 15.2;
						TestTargetID = 445B60022DB8715A007AF959;
					};
				};
			};
			buildConfigurationList = 445B5FFE2DB87159007AF959 /* Build configuration list for PBXProject "MercadoLibreMobileCandidateApp" */;
			compatibilityVersion = "Xcode 14.0";
			developmentRegion = en;
			hasScannedForEncodings = 0;
			knownRegions = (
				en,
				Base,
			);
			mainGroup = 445B5FFA2DB87159007AF959;
			productRefGroup = 445B60042DB8715A007AF959 /* Products */;
			projectDirPath = "";
			projectRoot = "";
			targets = (
				445B60022DB8715A007AF959 /* MercadoLibreMobileCandidateApp */,
				445B60152DB8715C007AF959 /* MercadoLibreMobileCandidateAppTests */,
				445B601F2DB8715C007AF959 /* MercadoLibreMobileCandidateAppUITests */,
			);
		};
/* End PBXProject section */

/* Begin PBXResourcesBuildPhase section */
		445B60012DB8715A007AF959 /* Resources */ = {
			isa = PBXResourcesBuildPhase;
			buildActionMask = 2147483647;
			files = (
				445B60112DB8715C007AF959 /* Preview Assets.xcassets in Resources */,
				445B600D2DB8715C007AF959 /* Assets.xcassets in Resources */,
			);
			runOnlyForDeploymentPostprocessing = 0;
		};
		445B60142DB8715C007AF959 /* Resources */ = {
			isa = PBXResourcesBuildPhase;
			buildActionMask = 2147483647;
			files = (
			);
			runOnlyForDeploymentPostprocessing = 0;
		};
		445B601E2DB8715C007AF959 /* Resources */ = {
			isa = PBXResourcesBuildPhase;
			buildActionMask = 2147483647;
			files = (
			);
			runOnlyForDeploymentPostprocessing = 0;
		};
/* End PBXResourcesBuildPhase section */

/* Begin PBXSourcesBuildPhase section */
		445B5FFF2DB8715A007AF959 /* Sources */ = {
			isa = PBXSourcesBuildPhase;
			buildActionMask = 2147483647;
			files = (
				445B60092DB8715A007AF959 /* ContentView.swift in Sources */,
				445B600B2DB8715A007AF959 /* Item.swift in Sources */,
				445B60072DB8715A007AF959 /* MercadoLibreMobileCandidateAppApp.swift in Sources */,
			);
			runOnlyForDeploymentPostprocessing = 0;
		};
		445B60122DB8715C007AF959 /* Sources */ = {
			isa = PBXSourcesBuildPhase;
			buildActionMask = 2147483647;
			files = (
				445B601B2DB8715C007AF959 /* MercadoLibreMobileCandidateAppTests.swift in Sources */,
			);
			runOnlyForDeploymentPostprocessing = 0;
		};
		445B601C2DB8715C007AF959 /* Sources */ = {
			isa = PBXSourcesBuildPhase;
			buildActionMask = 2147483647;
			files = (
				445B60252DB8715C007AF959 /* MercadoLibreMobileCandidateAppUITests.swift in Sources */,
				445B60272DB8715C007AF959 /* MercadoLibreMobileCandidateAppUITestsLaunchTests.swift in Sources */,
			);
			runOnlyForDeploymentPostprocessing = 0;
		};
/* End PBXSourcesBuildPhase section */

/* Begin PBXTargetDependency section */
		445B60182DB8715C007AF959 /* PBXTargetDependency */ = {
			isa = PBXTargetDependency;
			target = 445B60022DB8715A007AF959 /* MercadoLibreMobileCandidateApp */;
			targetProxy = 445B60172DB8715C007AF959 /* PBXContainerItemProxy */;
		};
		445B60222DB8715C007AF959 /* PBXTargetDependency */ = {
			isa = PBXTargetDependency;
			target = 445B60022DB8715A007AF959 /* MercadoLibreMobileCandidateApp */;
			targetProxy = 445B60212DB8715C007AF959 /* PBXContainerItemProxy */;
		};
/* End PBXTargetDependency section */

/* Begin XCBuildConfiguration section */
		445B60282DB8715C007AF959 /* Debug */ = {
			isa = XCBuildConfiguration;
			buildSettings = {
				ALWAYS_SEARCH_USER_PATHS = NO;
				ASSETCATALOG_COMPILER_GENERATE_SWIFT_ASSET_SYMBOL_EXTENSIONS = YES;
				CLANG_ANALYZER_NONNULL = YES;
				CLANG_ANALYZER_NUMBER_OBJECT_CONVERSION = YES_AGGRESSIVE;
				CLANG_CXX_LANGUAGE_STANDARD = "gnu++20";
				CLANG_ENABLE_MODULES = YES;
				CLANG_ENABLE_OBJC_ARC = YES;
				CLANG_ENABLE_OBJC_WEAK = YES;
				CLANG_WARN_BLOCK_CAPTURE_AUTORELEASING = YES;
				CLANG_WARN_BOOL_CONVERSION = YES;
				CLANG_WARN_COMMA = YES;
				CLANG_WARN_CONSTANT_CONVERSION = YES;
				CLANG_WARN_DEPRECATED_OBJC_IMPLEMENTATIONS = YES;
				CLANG_WARN_DIRECT_OBJC_ISA_USAGE = YES_ERROR;
				CLANG_WARN_DOCUMENTATION_COMMENTS = YES;
				CLANG_WARN_EMPTY_BODY = YES;
				CLANG_WARN_ENUM_CONVERSION = YES;
				CLANG_WARN_INFINITE_RECURSION = YES;
				CLANG_WARN_INT_CONVERSION = YES;
				CLANG_WARN_NON_LITERAL_NULL_CONVERSION = YES;
				CLANG_WARN_OBJC_IMPLICIT_RETAIN_SELF = YES;
				CLANG_WARN_OBJC_LITERAL_CONVERSION = YES;
				CLANG_WARN_OBJC_ROOT_CLASS = YES_ERROR;
				CLANG_WARN_QUOTED_INCLUDE_IN_FRAMEWORK_HEADER = YES;
				CLANG_WARN_RANGE_LOOP_ANALYSIS = YES;
				CLANG_WARN_STRICT_PROTOTYPES = YES;
				CLANG_WARN_SUSPICIOUS_MOVE = YES;
				CLANG_WARN_UNGUARDED_AVAILABILITY = YES_AGGRESSIVE;
				CLANG_WARN_UNREACHABLE_CODE = YES;
				CLANG_WARN__DUPLICATE_METHOD_MATCH = YES;
				COPY_PHASE_STRIP = NO;
				DEBUG_INFORMATION_FORMAT = dwarf;
				ENABLE_STRICT_OBJC_MSGSEND = YES;
				ENABLE_TESTABILITY = YES;
				ENABLE_USER_SCRIPT_SANDBOXING = YES;
				GCC_C_LANGUAGE_STANDARD = gnu17;
				GCC_DYNAMIC_NO_PIC = NO;
				GCC_NO_COMMON_BLOCKS = YES;
				GCC_OPTIMIZATION_LEVEL = 0;
				GCC_PREPROCESSOR_DEFINITIONS = (
					"DEBUG=1",
					"$(inherited)",
				);
				GCC_WARN_64_TO_32_BIT_CONVERSION = YES;
				GCC_WARN_ABOUT_RETURN_TYPE = YES_ERROR;
				GCC_WARN_UNDECLARED_SELECTOR = YES;
				GCC_WARN_UNINITIALIZED_AUTOS = YES_AGGRESSIVE;
				GCC_WARN_UNUSED_FUNCTION = YES;
				GCC_WARN_UNUSED_VARIABLE = YES;
				LOCALIZATION_PREFERS_STRING_CATALOGS = YES;
				MTL_ENABLE_DEBUG_INFO = INCLUDE_SOURCE;
				MTL_FAST_MATH = YES;
				ONLY_ACTIVE_ARCH = YES;
				SWIFT_ACTIVE_COMPILATION_CONDITIONS = "DEBUG $(inherited)";
				SWIFT_OPTIMIZATION_LEVEL = "-Onone";
			};
			name = Debug;
		};
		445B60292DB8715C007AF959 /* Release */ = {
			isa = XCBuildConfiguration;
			buildSettings = {
				ALWAYS_SEARCH_USER_PATHS = NO;
				ASSETCATALOG_COMPILER_GENERATE_SWIFT_ASSET_SYMBOL_EXTENSIONS = YES;
				CLANG_ANALYZER_NONNULL = YES;
				CLANG_ANALYZER_NUMBER_OBJECT_CONVERSION = YES_AGGRESSIVE;
				CLANG_CXX_LANGUAGE_STANDARD = "gnu++20";
				CLANG_ENABLE_MODULES = YES;
				CLANG_ENABLE_OBJC_ARC = YES;
				CLANG_ENABLE_OBJC_WEAK = YES;
				CLANG_WARN_BLOCK_CAPTURE_AUTORELEASING = YES;
				CLANG_WARN_BOOL_CONVERSION = YES;
				CLANG_WARN_COMMA = YES;
				CLANG_WARN_CONSTANT_CONVERSION = YES;
				CLANG_WARN_DEPRECATED_OBJC_IMPLEMENTATIONS = YES;
				CLANG_WARN_DIRECT_OBJC_ISA_USAGE = YES_ERROR;
				CLANG_WARN_DOCUMENTATION_COMMENTS = YES;
				CLANG_WARN_EMPTY_BODY = YES;
				CLANG_WARN_ENUM_CONVERSION = YES;
				CLANG_WARN_INFINITE_RECURSION = YES;
				CLANG_WARN_INT_CONVERSION = YES;
				CLANG_WARN_NON_LITERAL_NULL_CONVERSION = YES;
				CLANG_WARN_OBJC_IMPLICIT_RETAIN_SELF = YES;
				CLANG_WARN_OBJC_LITERAL_CONVERSION = YES;
				CLANG_WARN_OBJC_ROOT_CLASS = YES_ERROR;
				CLANG_WARN_QUOTED_INCLUDE_IN_FRAMEWORK_HEADER = YES;
				CLANG_WARN_RANGE_LOOP_ANALYSIS = YES;
				CLANG_WARN_STRICT_PROTOTYPES = YES;
				CLANG_WARN_SUSPICIOUS_MOVE = YES;
				CLANG_WARN_UNGUARDED_AVAILABILITY = YES_AGGRESSIVE;
				CLANG_WARN_UNREACHABLE_CODE = YES;
				CLANG_WARN__DUPLICATE_METHOD_MATCH = YES;
				COPY_PHASE_STRIP = NO;
				DEBUG_INFORMATION_FORMAT = "dwarf-with-dsym";
				ENABLE_NS_ASSERTIONS = NO;
				ENABLE_STRICT_OBJC_MSGSEND = YES;
				ENABLE_USER_SCRIPT_SANDBOXING = YES;
				GCC_C_LANGUAGE_STANDARD = gnu17;
				GCC_NO_COMMON_BLOCKS = YES;
				GCC_WARN_64_TO_32_BIT_CONVERSION = YES;
				GCC_WARN_ABOUT_RETURN_TYPE = YES_ERROR;
				GCC_WARN_UNDECLARED_SELECTOR = YES;
				GCC_WARN_UNINITIALIZED_AUTOS = YES_AGGRESSIVE;
				GCC_WARN_UNUSED_FUNCTION = YES;
				GCC_WARN_UNUSED_VARIABLE = YES;
				LOCALIZATION_PREFERS_STRING_CATALOGS = YES;
				MTL_ENABLE_DEBUG_INFO = NO;
				MTL_FAST_MATH = YES;
				SWIFT_COMPILATION_MODE = wholemodule;
			};
			name = Release;
		};
		445B602B2DB8715C007AF959 /* Debug */ = {
			isa = XCBuildConfiguration;
			buildSettings = {
				ASSETCATALOG_COMPILER_APPICON_NAME = AppIcon;
				ASSETCATALOG_COMPILER_GLOBAL_ACCENT_COLOR_NAME = AccentColor;
				CODE_SIGN_ENTITLEMENTS = MercadoLibreMobileCandidateApp/MercadoLibreMobileCandidateApp.entitlements;
				CODE_SIGN_STYLE = Automatic;
				CURRENT_PROJECT_VERSION = 1;
				DEVELOPMENT_ASSET_PATHS = "\"MercadoLibreMobileCandidateApp/Preview Content\"";
				ENABLE_PREVIEWS = YES;
				GENERATE_INFOPLIST_FILE = YES;
				"INFOPLIST_KEY_UIApplicationSceneManifest_Generation[sdk=iphoneos*]" = YES;
				"INFOPLIST_KEY_UIApplicationSceneManifest_Generation[sdk=iphonesimulator*]" = YES;
				"INFOPLIST_KEY_UIApplicationSupportsIndirectInputEvents[sdk=iphoneos*]" = YES;
				"INFOPLIST_KEY_UIApplicationSupportsIndirectInputEvents[sdk=iphonesimulator*]" = YES;
				"INFOPLIST_KEY_UILaunchScreen_Generation[sdk=iphoneos*]" = YES;
				"INFOPLIST_KEY_UILaunchScreen_Generation[sdk=iphonesimulator*]" = YES;
				"INFOPLIST_KEY_UIStatusBarStyle[sdk=iphoneos*]" = UIStatusBarStyleDefault;
				"INFOPLIST_KEY_UIStatusBarStyle[sdk=iphonesimulator*]" = UIStatusBarStyleDefault;
				INFOPLIST_KEY_UISupportedInterfaceOrientations_iPad = "UIInterfaceOrientationPortrait UIInterfaceOrientationPortraitUpsideDown UIInterfaceOrientationLandscapeLeft UIInterfaceOrientationLandscapeRight";
				INFOPLIST_KEY_UISupportedInterfaceOrientations_iPhone = "UIInterfaceOrientationPortrait UIInterfaceOrientationLandscapeLeft UIInterfaceOrientationLandscapeRight";
				IPHONEOS_DEPLOYMENT_TARGET = 17.2;
				LD_RUNPATH_SEARCH_PATHS = "@executable_path/Frameworks";
				"LD_RUNPATH_SEARCH_PATHS[sdk=macosx*]" = "@executable_path/../Frameworks";
				MACOSX_DEPLOYMENT_TARGET = 14.0;
				MARKETING_VERSION = 1.0;
				PRODUCT_BUNDLE_IDENTIFIER = com.gustavovillada.MercadoLibreMobileCandidateApp;
				PRODUCT_NAME = "$(TARGET_NAME)";
				SDKROOT = auto;
				SUPPORTED_PLATFORMS = "iphoneos iphonesimulator macosx";
				SWIFT_EMIT_LOC_STRINGS = YES;
				SWIFT_VERSION = 5.0;
				TARGETED_DEVICE_FAMILY = "1,2";
			};
			name = Debug;
		};
		445B602C2DB8715C007AF959 /* Release */ = {
			isa = XCBuildConfiguration;
			buildSettings = {
				ASSETCATALOG_COMPILER_APPICON_NAME = AppIcon;
				ASSETCATALOG_COMPILER_GLOBAL_ACCENT_COLOR_NAME = AccentColor;
				CODE_SIGN_ENTITLEMENTS = MercadoLibreMobileCandidateApp/MercadoLibreMobileCandidateApp.entitlements;
				CODE_SIGN_STYLE = Automatic;
				CURRENT_PROJECT_VERSION = 1;
				DEVELOPMENT_ASSET_PATHS = "\"MercadoLibreMobileCandidateApp/Preview Content\"";
				ENABLE_PREVIEWS = YES;
				GENERATE_INFOPLIST_FILE = YES;
				"INFOPLIST_KEY_UIApplicationSceneManifest_Generation[sdk=iphoneos*]" = YES;
				"INFOPLIST_KEY_UIApplicationSceneManifest_Generation[sdk=iphonesimulator*]" = YES;
				"INFOPLIST_KEY_UIApplicationSupportsIndirectInputEvents[sdk=iphoneos*]" = YES;
				"INFOPLIST_KEY_UIApplicationSupportsIndirectInputEvents[sdk=iphonesimulator*]" = YES;
				"INFOPLIST_KEY_UILaunchScreen_Generation[sdk=iphoneos*]" = YES;
				"INFOPLIST_KEY_UILaunchScreen_Generation[sdk=iphonesimulator*]" = YES;
				"INFOPLIST_KEY_UIStatusBarStyle[sdk=iphoneos*]" = UIStatusBarStyleDefault;
				"INFOPLIST_KEY_UIStatusBarStyle[sdk=iphonesimulator*]" = UIStatusBarStyleDefault;
				INFOPLIST_KEY_UISupportedInterfaceOrientations_iPad = "UIInterfaceOrientationPortrait UIInterfaceOrientationPortraitUpsideDown UIInterfaceOrientationLandscapeLeft UIInterfaceOrientationLandscapeRight";
				INFOPLIST_KEY_UISupportedInterfaceOrientations_iPhone = "UIInterfaceOrientationPortrait UIInterfaceOrientationLandscapeLeft UIInterfaceOrientationLandscapeRight";
				IPHONEOS_DEPLOYMENT_TARGET = 17.2;
				LD_RUNPATH_SEARCH_PATHS = "@executable_path/Frameworks";
				"LD_RUNPATH_SEARCH_PATHS[sdk=macosx*]" = "@executable_path/../Frameworks";
				MACOSX_DEPLOYMENT_TARGET = 14.0;
				MARKETING_VERSION = 1.0;
				PRODUCT_BUNDLE_IDENTIFIER = com.gustavovillada.MercadoLibreMobileCandidateApp;
				PRODUCT_NAME = "$(TARGET_NAME)";
				SDKROOT = auto;
				SUPPORTED_PLATFORMS = "iphoneos iphonesimulator macosx";
				SWIFT_EMIT_LOC_STRINGS = YES;
				SWIFT_VERSION = 5.0;
				TARGETED_DEVICE_FAMILY = "1,2";
			};
			name = Release;
		};
		445B602E2DB8715C007AF959 /* Debug */ = {
			isa = XCBuildConfiguration;
			buildSettings = {
				ALWAYS_EMBED_SWIFT_STANDARD_LIBRARIES = YES;
				BUNDLE_LOADER = "$(TEST_HOST)";
				CODE_SIGN_STYLE = Automatic;
				CURRENT_PROJECT_VERSION = 1;
				GENERATE_INFOPLIST_FILE = YES;
				IPHONEOS_DEPLOYMENT_TARGET = 17.2;
				MACOSX_DEPLOYMENT_TARGET = 13.5;
				MARKETING_VERSION = 1.0;
				PRODUCT_BUNDLE_IDENTIFIER = com.gustavovillada.MercadoLibreMobileCandidateAppTests;
				PRODUCT_NAME = "$(TARGET_NAME)";
				SDKROOT = auto;
				SUPPORTED_PLATFORMS = "iphoneos iphonesimulator macosx";
				SWIFT_EMIT_LOC_STRINGS = NO;
				SWIFT_VERSION = 5.0;
				TARGETED_DEVICE_FAMILY = "1,2";
				TEST_HOST = "$(BUILT_PRODUCTS_DIR)/MercadoLibreMobileCandidateApp.app/$(BUNDLE_EXECUTABLE_FOLDER_PATH)/MercadoLibreMobileCandidateApp";
			};
			name = Debug;
		};
		445B602F2DB8715C007AF959 /* Release */ = {
			isa = XCBuildConfiguration;
			buildSettings = {
				ALWAYS_EMBED_SWIFT_STANDARD_LIBRARIES = YES;
				BUNDLE_LOADER = "$(TEST_HOST)";
				CODE_SIGN_STYLE = Automatic;
				CURRENT_PROJECT_VERSION = 1;
				GENERATE_INFOPLIST_FILE = YES;
				IPHONEOS_DEPLOYMENT_TARGET = 17.2;
				MACOSX_DEPLOYMENT_TARGET = 13.5;
				MARKETING_VERSION = 1.0;
				PRODUCT_BUNDLE_IDENTIFIER = com.gustavovillada.MercadoLibreMobileCandidateAppTests;
				PRODUCT_NAME = "$(TARGET_NAME)";
				SDKROOT = auto;
				SUPPORTED_PLATFORMS = "iphoneos iphonesimulator macosx";
				SWIFT_EMIT_LOC_STRINGS = NO;
				SWIFT_VERSION = 5.0;
				TARGETED_DEVICE_FAMILY = "1,2";
				TEST_HOST = "$(BUILT_PRODUCTS_DIR)/MercadoLibreMobileCandidateApp.app/$(BUNDLE_EXECUTABLE_FOLDER_PATH)/MercadoLibreMobileCandidateApp";
			};
			name = Release;
		};
		445B60312DB8715C007AF959 /* Debug */ = {
			isa = XCBuildConfiguration;
			buildSettings = {
				ALWAYS_EMBED_SWIFT_STANDARD_LIBRARIES = YES;
				CODE_SIGN_STYLE = Automatic;
				CURRENT_PROJECT_VERSION = 1;
				GENERATE_INFOPLIST_FILE = YES;
				IPHONEOS_DEPLOYMENT_TARGET = 17.2;
				MACOSX_DEPLOYMENT_TARGET = 13.5;
				MARKETING_VERSION = 1.0;
				PRODUCT_BUNDLE_IDENTIFIER = com.gustavovillada.MercadoLibreMobileCandidateAppUITests;
				PRODUCT_NAME = "$(TARGET_NAME)";
				SDKROOT = auto;
				SUPPORTED_PLATFORMS = "iphoneos iphonesimulator macosx";
				SWIFT_EMIT_LOC_STRINGS = NO;
				SWIFT_VERSION = 5.0;
				TARGETED_DEVICE_FAMILY = "1,2";
				TEST_TARGET_NAME = MercadoLibreMobileCandidateApp;
			};
			name = Debug;
		};
		445B60322DB8715C007AF959 /* Release */ = {
			isa = XCBuildConfiguration;
			buildSettings = {
				ALWAYS_EMBED_SWIFT_STANDARD_LIBRARIES = YES;
				CODE_SIGN_STYLE = Automatic;
				CURRENT_PROJECT_VERSION = 1;
				GENERATE_INFOPLIST_FILE = YES;
				IPHONEOS_DEPLOYMENT_TARGET = 17.2;
				MACOSX_DEPLOYMENT_TARGET = 13.5;
				MARKETING_VERSION = 1.0;
				PRODUCT_BUNDLE_IDENTIFIER = com.gustavovillada.MercadoLibreMobileCandidateAppUITests;
				PRODUCT_NAME = "$(TARGET_NAME)";
				SDKROOT = auto;
				SUPPORTED_PLATFORMS = "iphoneos iphonesimulator macosx";
				SWIFT_EMIT_LOC_STRINGS = NO;
				SWIFT_VERSION = 5.0;
				TARGETED_DEVICE_FAMILY = "1,2";
				TEST_TARGET_NAME = MercadoLibreMobileCandidateApp;
			};
			name = Release;
		};
/* End XCBuildConfiguration section */

/* Begin XCConfigurationList section */
		445B5FFE2DB87159007AF959 /* Build configuration list for PBXProject "MercadoLibreMobileCandidateApp" */ = {
			isa = XCConfigurationList;
			buildConfigurations = (
				445B60282DB8715C007AF959 /* Debug */,
				445B60292DB8715C007AF959 /* Release */,
			);
			defaultConfigurationIsVisible = 0;
			defaultConfigurationName = Release;
		};
		445B602A2DB8715C007AF959 /* Build configuration list for PBXNativeTarget "MercadoLibreMobileCandidateApp" */ = {
			isa = XCConfigurationList;
			buildConfigurations = (
				445B602B2DB8715C007AF959 /* Debug */,
				445B602C2DB8715C007AF959 /* Release */,
			);
			defaultConfigurationIsVisible = 0;
			defaultConfigurationName = Release;
		};
		445B602D2DB8715C007AF959 /* Build configuration list for PBXNativeTarget "MercadoLibreMobileCandidateAppTests" */ = {
			isa = XCConfigurationList;
			buildConfigurations = (
				445B602E2DB8715C007AF959 /* Debug */,
				445B602F2DB8715C007AF959 /* Release */,
			);
			defaultConfigurationIsVisible = 0;
			defaultConfigurationName = Release;
		};
		445B60302DB8715C007AF959 /* Build configuration list for PBXNativeTarget "MercadoLibreMobileCandidateAppUITests" */ = {
			isa = XCConfigurationList;
			buildConfigurations = (
				445B60312DB8715C007AF959 /* Debug */,
				445B60322DB8715C007AF959 /* Release */,
			);
			defaultConfigurationIsVisible = 0;
			defaultConfigurationName = Release;
		};
/* End XCConfigurationList section */
	};
	rootObject = 445B5FFB2DB87159007AF959 /* Project object */;
}
